// !$*UTF8*$!
{
	archiveVersion = 1;
	classes = {
	};
	objectVersion = 46;
	objects = {

/* Begin PBXBuildFile section */
		8452B1D1184F4A6B00D9A924 /* blackGradient.png in Resources */ = {isa = PBXBuildFile; fileRef = 8452B1CF184F4A6B00D9A924 /* blackGradient.png */; };
		8452B1D2184F4A6B00D9A924 /* downArrow.png in Resources */ = {isa = PBXBuildFile; fileRef = 8452B1D0184F4A6B00D9A924 /* downArrow.png */; };
		8452B1D5184F531800D9A924 /* TapToShowView.m in Sources */ = {isa = PBXBuildFile; fileRef = 8452B1D4184F531700D9A924 /* TapToShowView.m */; };
		8452B1D7184F533500D9A924 /* TapToShowView.xib in Resources */ = {isa = PBXBuildFile; fileRef = 8452B1D6184F533500D9A924 /* TapToShowView.xib */; };
		8452E9E1184E31980066C99C /* RegisterController.m in Sources */ = {isa = PBXBuildFile; fileRef = 8452E9DF184E31970066C99C /* RegisterController.m */; };
		8452E9E2184E31980066C99C /* RegisterController~iphone.xib in Resources */ = {isa = PBXBuildFile; fileRef = 8452E9E0184E31980066C99C /* RegisterController~iphone.xib */; };
		8452E9E5184E31D50066C99C /* RegisterController~ipad.xib in Resources */ = {isa = PBXBuildFile; fileRef = 8452E9E4184E31D50066C99C /* RegisterController~ipad.xib */; };
		8452E9E9184E34490066C99C /* FaqController.m in Sources */ = {isa = PBXBuildFile; fileRef = 8452E9E7184E34480066C99C /* FaqController.m */; };
		8452E9EA184E34490066C99C /* FaqController~iphone.xib in Resources */ = {isa = PBXBuildFile; fileRef = 8452E9E8184E34480066C99C /* FaqController~iphone.xib */; };
		8452E9EC184E34680066C99C /* FaqController~ipad.xib in Resources */ = {isa = PBXBuildFile; fileRef = 8452E9EB184E34680066C99C /* FaqController~ipad.xib */; };
		8452E9EF184E404D0066C99C /* Default-Portrait~ipad.png in Resources */ = {isa = PBXBuildFile; fileRef = 8452E9EE184E404D0066C99C /* Default-Portrait~ipad.png */; };
		8452E9F1184E40510066C99C /* Default-Portrait@2x~ipad.png in Resources */ = {isa = PBXBuildFile; fileRef = 8452E9F0184E40500066C99C /* Default-Portrait@2x~ipad.png */; };
		8452E9F3184E40530066C99C /* Default-Landscape~ipad.png in Resources */ = {isa = PBXBuildFile; fileRef = 8452E9F2184E40530066C99C /* Default-Landscape~ipad.png */; };
		8452E9F5184E40570066C99C /* Default-Landscape@2x~ipad.png in Resources */ = {isa = PBXBuildFile; fileRef = 8452E9F4184E40570066C99C /* Default-Landscape@2x~ipad.png */; };
		8452E9F9184E42880066C99C /* GalleryController.m in Sources */ = {isa = PBXBuildFile; fileRef = 8452E9F7184E42880066C99C /* GalleryController.m */; };
		8452E9FA184E42880066C99C /* GalleryController~iphone.xib in Resources */ = {isa = PBXBuildFile; fileRef = 8452E9F8184E42880066C99C /* GalleryController~iphone.xib */; };
		8452E9FC184E42A90066C99C /* GalleryController~ipad.xib in Resources */ = {isa = PBXBuildFile; fileRef = 8452E9FB184E42A90066C99C /* GalleryController~ipad.xib */; };
		845D7090182B9BA800A3757C /* UIKit.framework in Frameworks */ = {isa = PBXBuildFile; fileRef = 845D708F182B9BA800A3757C /* UIKit.framework */; };
		845D7092182B9BA800A3757C /* Foundation.framework in Frameworks */ = {isa = PBXBuildFile; fileRef = 845D7091182B9BA800A3757C /* Foundation.framework */; };
		845D7094182B9BA800A3757C /* CoreGraphics.framework in Frameworks */ = {isa = PBXBuildFile; fileRef = 845D7093182B9BA800A3757C /* CoreGraphics.framework */; };
		845D709A182B9BA800A3757C /* InfoPlist.strings in Resources */ = {isa = PBXBuildFile; fileRef = 845D7098182B9BA800A3757C /* InfoPlist.strings */; };
		845D709C182B9BA800A3757C /* main.m in Sources */ = {isa = PBXBuildFile; fileRef = 845D709B182B9BA800A3757C /* main.m */; };
		845D70A0182B9BA800A3757C /* AppDelegate.m in Sources */ = {isa = PBXBuildFile; fileRef = 845D709F182B9BA800A3757C /* AppDelegate.m */; };
		845D70A9182B9BA800A3757C /* SignInController.m in Sources */ = {isa = PBXBuildFile; fileRef = 845D70A8182B9BA800A3757C /* SignInController.m */; };
		845D70AC182B9BA800A3757C /* SignInController~iphone.xib in Resources */ = {isa = PBXBuildFile; fileRef = 845D70AA182B9BA800A3757C /* SignInController~iphone.xib */; };
		845D70AF182B9BA800A3757C /* SignInController~ipad.xib in Resources */ = {isa = PBXBuildFile; fileRef = 845D70AD182B9BA800A3757C /* SignInController~ipad.xib */; };
		845D70E2182BA58F00A3757C /* MFSideMenuContainerViewController.m in Sources */ = {isa = PBXBuildFile; fileRef = 845D70C7182BA58F00A3757C /* MFSideMenuContainerViewController.m */; };
		845D70E3182BA58F00A3757C /* MFSideMenuShadow.m in Sources */ = {isa = PBXBuildFile; fileRef = 845D70C9182BA58F00A3757C /* MFSideMenuShadow.m */; };
		845D70E4182BA58F00A3757C /* UIViewController+MFSideMenuAdditions.m in Sources */ = {isa = PBXBuildFile; fileRef = 845D70CB182BA58F00A3757C /* UIViewController+MFSideMenuAdditions.m */; };
		845D70F7182BA8E600A3757C /* LeftMenuController.m in Sources */ = {isa = PBXBuildFile; fileRef = 845D70F5182BA8E600A3757C /* LeftMenuController.m */; };
		845D70F8182BA8E600A3757C /* LeftMenuController.xib in Resources */ = {isa = PBXBuildFile; fileRef = 845D70F6182BA8E600A3757C /* LeftMenuController.xib */; };
		845D70FA182BA9D700A3757C /* MobileCoreServices.framework in Frameworks */ = {isa = PBXBuildFile; fileRef = 845D70F9182BA9D700A3757C /* MobileCoreServices.framework */; };
		845D70FD182BB09F00A3757C /* background.png in Resources */ = {isa = PBXBuildFile; fileRef = 845D70FC182BB09F00A3757C /* background.png */; };
		845D70FF182BB4D400A3757C /* backgroundLight.png in Resources */ = {isa = PBXBuildFile; fileRef = 845D70FE182BB4D400A3757C /* backgroundLight.png */; };
		845D7102182BB98300A3757C /* LBView.m in Sources */ = {isa = PBXBuildFile; fileRef = 845D7101182BB98300A3757C /* LBView.m */; };
		845D7104182BBC8800A3757C /* separator.png in Resources */ = {isa = PBXBuildFile; fileRef = 845D7103182BBC8800A3757C /* separator.png */; };
		845D7107182BBDDB00A3757C /* DBView.m in Sources */ = {isa = PBXBuildFile; fileRef = 845D7106182BBDDB00A3757C /* DBView.m */; };
		845D7109182BC0A200A3757C /* Default.png in Resources */ = {isa = PBXBuildFile; fileRef = 845D7108182BC0A200A3757C /* Default.png */; };
		845D710B182BC0A400A3757C /* Default@2x.png in Resources */ = {isa = PBXBuildFile; fileRef = 845D710A182BC0A400A3757C /* Default@2x.png */; };
		845D710D182BC0A700A3757C /* Default-568h@2x.png in Resources */ = {isa = PBXBuildFile; fileRef = 845D710C182BC0A700A3757C /* Default-568h@2x.png */; };
		845D710F182BC43600A3757C /* horizontalShadow.png in Resources */ = {isa = PBXBuildFile; fileRef = 845D710E182BC43600A3757C /* horizontalShadow.png */; };
		845D7111182BD63600A3757C /* yellowStar.png in Resources */ = {isa = PBXBuildFile; fileRef = 845D7110182BD63600A3757C /* yellowStar.png */; };
		845D7113182BDEA800A3757C /* busIcon.png in Resources */ = {isa = PBXBuildFile; fileRef = 845D7112182BDEA700A3757C /* busIcon.png */; };
		846D04FF18686FC600B244C1 /* VideoController.m in Sources */ = {isa = PBXBuildFile; fileRef = 846D04FD18686FC600B244C1 /* VideoController.m */; };
		846D050018686FC600B244C1 /* VideoController~iphone.xib in Resources */ = {isa = PBXBuildFile; fileRef = 846D04FE18686FC600B244C1 /* VideoController~iphone.xib */; };
		846D050218686FEB00B244C1 /* VideoController~ipad.xib in Resources */ = {isa = PBXBuildFile; fileRef = 846D050118686FEB00B244C1 /* VideoController~ipad.xib */; };
		846D05041868707B00B244C1 /* AVFoundation.framework in Frameworks */ = {isa = PBXBuildFile; fileRef = 846D05031868707B00B244C1 /* AVFoundation.framework */; };
		846D05061868708200B244C1 /* MediaPlayer.framework in Frameworks */ = {isa = PBXBuildFile; fileRef = 846D05051868708200B244C1 /* MediaPlayer.framework */; };
		849E2C4A182CEF9C00477E11 /* accountIcon.png in Resources */ = {isa = PBXBuildFile; fileRef = 849E2C43182CEF9C00477E11 /* accountIcon.png */; };
		849E2C4B182CEF9C00477E11 /* arrowsIcon.png in Resources */ = {isa = PBXBuildFile; fileRef = 849E2C44182CEF9C00477E11 /* arrowsIcon.png */; };
		849E2C4C182CEF9C00477E11 /* faqIcon.png in Resources */ = {isa = PBXBuildFile; fileRef = 849E2C45182CEF9C00477E11 /* faqIcon.png */; };
		849E2C4D182CEF9C00477E11 /* heartIcon.png in Resources */ = {isa = PBXBuildFile; fileRef = 849E2C46182CEF9C00477E11 /* heartIcon.png */; };
		849E2C4E182CEF9C00477E11 /* megafonIcon.png in Resources */ = {isa = PBXBuildFile; fileRef = 849E2C47182CEF9C00477E11 /* megafonIcon.png */; };
		849E2C4F182CEF9C00477E11 /* signInIcon.png in Resources */ = {isa = PBXBuildFile; fileRef = 849E2C48182CEF9C00477E11 /* signInIcon.png */; };
		849E2C50182CEF9C00477E11 /* wrenchIcon.png in Resources */ = {isa = PBXBuildFile; fileRef = 849E2C49182CEF9C00477E11 /* wrenchIcon.png */; };
		849E2C55182CF4EF00477E11 /* BaseViewController.m in Sources */ = {isa = PBXBuildFile; fileRef = 849E2C54182CF4EF00477E11 /* BaseViewController.m */; };
		849E2C58182D0BB000477E11 /* navigationBackground.png in Resources */ = {isa = PBXBuildFile; fileRef = 849E2C57182D0BB000477E11 /* navigationBackground.png */; };
		849E2C5D182D160B00477E11 /* backButton.png in Resources */ = {isa = PBXBuildFile; fileRef = 849E2C59182D160B00477E11 /* backButton.png */; };
		849E2C5E182D160B00477E11 /* filterButton.png in Resources */ = {isa = PBXBuildFile; fileRef = 849E2C5A182D160B00477E11 /* filterButton.png */; };
		849E2C5F182D160B00477E11 /* heartButton.png in Resources */ = {isa = PBXBuildFile; fileRef = 849E2C5B182D160B00477E11 /* heartButton.png */; };
		849E2C60182D160B00477E11 /* menuButton.png in Resources */ = {isa = PBXBuildFile; fileRef = 849E2C5C182D160B00477E11 /* menuButton.png */; };
		849E2C621830E8B500477E11 /* logo.png in Resources */ = {isa = PBXBuildFile; fileRef = 849E2C611830E8B500477E11 /* logo.png */; };
		849E2C641830EF7E00477E11 /* QuartzCore.framework in Frameworks */ = {isa = PBXBuildFile; fileRef = 849E2C631830EF7E00477E11 /* QuartzCore.framework */; };
		849E2C671830EFDB00477E11 /* GoldButton.m in Sources */ = {isa = PBXBuildFile; fileRef = 849E2C661830EFDB00477E11 /* GoldButton.m */; };
		849E2C6A1830F00000477E11 /* GoldTextField.m in Sources */ = {isa = PBXBuildFile; fileRef = 849E2C691830F00000477E11 /* GoldTextField.m */; };
		849E2C6C1830F4DA00477E11 /* goldButton@2x.png in Resources */ = {isa = PBXBuildFile; fileRef = 849E2C6B1830F4D900477E11 /* goldButton@2x.png */; };
		849E2C6E1830F6E600477E11 /* goldButton.png in Resources */ = {isa = PBXBuildFile; fileRef = 849E2C6D1830F6E600477E11 /* goldButton.png */; };
		849E2C721831002700477E11 /* LOMInventoryController.m in Sources */ = {isa = PBXBuildFile; fileRef = 849E2C701831002600477E11 /* LOMInventoryController.m */; };
		849E2C731831002700477E11 /* LOMInventoryController~iphone.xib in Resources */ = {isa = PBXBuildFile; fileRef = 849E2C711831002700477E11 /* LOMInventoryController~iphone.xib */; };
		849E2C771831004D00477E11 /* LOIInventoryController.m in Sources */ = {isa = PBXBuildFile; fileRef = 849E2C751831004C00477E11 /* LOIInventoryController.m */; };
		849E2C781831004D00477E11 /* LOIInventoryController~iphone.xib in Resources */ = {isa = PBXBuildFile; fileRef = 849E2C761831004C00477E11 /* LOIInventoryController~iphone.xib */; };
		849E2C7C1831196100477E11 /* LOMCell.m in Sources */ = {isa = PBXBuildFile; fileRef = 849E2C7B1831196100477E11 /* LOMCell.m */; };
		849E2C7F1831197200477E11 /* LOICell.m in Sources */ = {isa = PBXBuildFile; fileRef = 849E2C7E1831197200477E11 /* LOICell.m */; };
		849E2C811831199800477E11 /* LOMCell.xib in Resources */ = {isa = PBXBuildFile; fileRef = 849E2C801831199800477E11 /* LOMCell.xib */; };
		849E2C83183119C600477E11 /* LOICell~iphone.xib in Resources */ = {isa = PBXBuildFile; fileRef = 849E2C82183119C600477E11 /* LOICell~iphone.xib */; };
		849E2C8618311CE500477E11 /* busPrototype.png in Resources */ = {isa = PBXBuildFile; fileRef = 849E2C8418311CE500477E11 /* busPrototype.png */; };
		849E2C8718311CE500477E11 /* logoPrototype.png in Resources */ = {isa = PBXBuildFile; fileRef = 849E2C8518311CE500477E11 /* logoPrototype.png */; };
		849E2C8918311DF000477E11 /* rightArrow.png in Resources */ = {isa = PBXBuildFile; fileRef = 849E2C8818311DF000477E11 /* rightArrow.png */; };
		849E2C8C183120F300477E11 /* LBCell.m in Sources */ = {isa = PBXBuildFile; fileRef = 849E2C8B183120F300477E11 /* LBCell.m */; };
		849E2C93183127C000477E11 /* centerSegmentButton.png in Resources */ = {isa = PBXBuildFile; fileRef = 849E2C8D183127BE00477E11 /* centerSegmentButton.png */; };
		849E2C94183127C000477E11 /* centerSegmentButtonSelected.png in Resources */ = {isa = PBXBuildFile; fileRef = 849E2C8E183127BE00477E11 /* centerSegmentButtonSelected.png */; };
		849E2C95183127C000477E11 /* leftSegmentButton.png in Resources */ = {isa = PBXBuildFile; fileRef = 849E2C8F183127BE00477E11 /* leftSegmentButton.png */; };
		849E2C96183127C000477E11 /* leftSegmentButtonSelected.png in Resources */ = {isa = PBXBuildFile; fileRef = 849E2C90183127BE00477E11 /* leftSegmentButtonSelected.png */; };
		849E2C97183127C000477E11 /* rightSegmentButton.png in Resources */ = {isa = PBXBuildFile; fileRef = 849E2C91183127BF00477E11 /* rightSegmentButton.png */; };
		849E2C98183127C000477E11 /* rightSegmentButtonSelected.png in Resources */ = {isa = PBXBuildFile; fileRef = 849E2C92183127BF00477E11 /* rightSegmentButtonSelected.png */; };
		849E2C9A18312F2000477E11 /* redButton@2x.png in Resources */ = {isa = PBXBuildFile; fileRef = 849E2C9918312F2000477E11 /* redButton@2x.png */; };
		849E2C9C18312F5F00477E11 /* redButton.png in Resources */ = {isa = PBXBuildFile; fileRef = 849E2C9B18312F5F00477E11 /* redButton.png */; };
		849E2C9F18312F7400477E11 /* RedButton.m in Sources */ = {isa = PBXBuildFile; fileRef = 849E2C9E18312F7300477E11 /* RedButton.m */; };
		849E2CA118312FCF00477E11 /* busPrototype2.png in Resources */ = {isa = PBXBuildFile; fileRef = 849E2CA018312FCF00477E11 /* busPrototype2.png */; };
		849E2CA5183219C900477E11 /* ItemDetailsController.m in Sources */ = {isa = PBXBuildFile; fileRef = 849E2CA3183219C600477E11 /* ItemDetailsController.m */; };
		849E2CA6183219C900477E11 /* ItemDetailsController~iphone.xib in Resources */ = {isa = PBXBuildFile; fileRef = 849E2CA4183219C800477E11 /* ItemDetailsController~iphone.xib */; };
		849E2CA8183219EC00477E11 /* ItemDetailsController~ipad.xib in Resources */ = {isa = PBXBuildFile; fileRef = 849E2CA7183219EC00477E11 /* ItemDetailsController~ipad.xib */; };
		849E2CAB18321F0F00477E11 /* goldBorderButton.png in Resources */ = {isa = PBXBuildFile; fileRef = 849E2CA918321F0E00477E11 /* goldBorderButton.png */; };
		849E2CAC18321F0F00477E11 /* goldBorderButton@2x.png in Resources */ = {isa = PBXBuildFile; fileRef = 849E2CAA18321F0E00477E11 /* goldBorderButton@2x.png */; };
		849E2CAF18321F3200477E11 /* GoldBorderButton.m in Sources */ = {isa = PBXBuildFile; fileRef = 849E2CAE18321F3100477E11 /* GoldBorderButton.m */; };
		849E2CB41832254A00477E11 /* pinkGradient.png in Resources */ = {isa = PBXBuildFile; fileRef = 849E2CB01832254700477E11 /* pinkGradient.png */; };
		849E2CB51832254A00477E11 /* redGradient.png in Resources */ = {isa = PBXBuildFile; fileRef = 849E2CB11832254800477E11 /* redGradient.png */; };
		849E2CB61832254A00477E11 /* watchVideoButton.png in Resources */ = {isa = PBXBuildFile; fileRef = 849E2CB21832254800477E11 /* watchVideoButton.png */; };
		849E2CB71832254A00477E11 /* zoomToolButton.png in Resources */ = {isa = PBXBuildFile; fileRef = 849E2CB31832254900477E11 /* zoomToolButton.png */; };
		849E2CB91832284000477E11 /* busPrototype1.png in Resources */ = {isa = PBXBuildFile; fileRef = 849E2CB81832283F00477E11 /* busPrototype1.png */; };
		849E2CBB18322D8100477E11 /* MessageUI.framework in Frameworks */ = {isa = PBXBuildFile; fileRef = 849E2CBA18322D7F00477E11 /* MessageUI.framework */; };
		849E2CBE183243EA00477E11 /* icon57.png in Resources */ = {isa = PBXBuildFile; fileRef = 849E2CBD183243E900477E11 /* icon57.png */; };
		849E2CC0183243F700477E11 /* icon114.png in Resources */ = {isa = PBXBuildFile; fileRef = 849E2CBF183243F600477E11 /* icon114.png */; };
		849E2CC2183243FC00477E11 /* icon144.png in Resources */ = {isa = PBXBuildFile; fileRef = 849E2CC1183243FB00477E11 /* icon144.png */; };
		849E2CC4183243FF00477E11 /* icon72.png in Resources */ = {isa = PBXBuildFile; fileRef = 849E2CC3183243FE00477E11 /* icon72.png */; };
		849E2CC7183247D200477E11 /* radioButton@2x.png in Resources */ = {isa = PBXBuildFile; fileRef = 849E2CC5183247D000477E11 /* radioButton@2x.png */; };
		849E2CC8183247D200477E11 /* radioButtonSelected@2x.png in Resources */ = {isa = PBXBuildFile; fileRef = 849E2CC6183247D100477E11 /* radioButtonSelected@2x.png */; };
		849E2CCB1832497600477E11 /* radioButton.png in Resources */ = {isa = PBXBuildFile; fileRef = 849E2CC91832497400477E11 /* radioButton.png */; };
		849E2CCC1832497600477E11 /* radioButtonSelected.png in Resources */ = {isa = PBXBuildFile; fileRef = 849E2CCA1832497400477E11 /* radioButtonSelected.png */; };
		849E5AD7183B93FD001F2F17 /* AFHTTPClient.m in Sources */ = {isa = PBXBuildFile; fileRef = 849E5AC5183B93FD001F2F17 /* AFHTTPClient.m */; };
		849E5AD8183B93FD001F2F17 /* AFHTTPRequestOperation.m in Sources */ = {isa = PBXBuildFile; fileRef = 849E5AC7183B93FD001F2F17 /* AFHTTPRequestOperation.m */; };
		849E5AD9183B93FD001F2F17 /* AFImageRequestOperation.m in Sources */ = {isa = PBXBuildFile; fileRef = 849E5AC9183B93FD001F2F17 /* AFImageRequestOperation.m */; };
		849E5ADA183B93FD001F2F17 /* AFJSONRequestOperation.m in Sources */ = {isa = PBXBuildFile; fileRef = 849E5ACB183B93FD001F2F17 /* AFJSONRequestOperation.m */; };
		849E5ADB183B93FD001F2F17 /* AFNetworkActivityIndicatorManager.m in Sources */ = {isa = PBXBuildFile; fileRef = 849E5ACD183B93FD001F2F17 /* AFNetworkActivityIndicatorManager.m */; };
		849E5ADC183B93FD001F2F17 /* AFPropertyListRequestOperation.m in Sources */ = {isa = PBXBuildFile; fileRef = 849E5AD0183B93FD001F2F17 /* AFPropertyListRequestOperation.m */; };
		849E5ADD183B93FD001F2F17 /* AFURLConnectionOperation.m in Sources */ = {isa = PBXBuildFile; fileRef = 849E5AD2183B93FD001F2F17 /* AFURLConnectionOperation.m */; };
		849E5ADE183B93FD001F2F17 /* AFXMLRequestOperation.m in Sources */ = {isa = PBXBuildFile; fileRef = 849E5AD4183B93FD001F2F17 /* AFXMLRequestOperation.m */; };
		849E5ADF183B93FD001F2F17 /* UIImageView+AFNetworking.m in Sources */ = {isa = PBXBuildFile; fileRef = 849E5AD6183B93FD001F2F17 /* UIImageView+AFNetworking.m */; };
		849E5AE1183B94DA001F2F17 /* Security.framework in Frameworks */ = {isa = PBXBuildFile; fileRef = 849E5AE0183B94DA001F2F17 /* Security.framework */; };
		849E5AE3183B9529001F2F17 /* SystemConfiguration.framework in Frameworks */ = {isa = PBXBuildFile; fileRef = 849E5AE2183B9529001F2F17 /* SystemConfiguration.framework */; };
		849E5AFE183BAA8F001F2F17 /* NSObject+SBJson.m in Sources */ = {isa = PBXBuildFile; fileRef = 849E5AE6183BAA8F001F2F17 /* NSObject+SBJson.m */; };
		849E5AFF183BAA8F001F2F17 /* SBJsonParser.m in Sources */ = {isa = PBXBuildFile; fileRef = 849E5AE9183BAA8F001F2F17 /* SBJsonParser.m */; };
		849E5B00183BAA8F001F2F17 /* SBJsonStreamParser.m in Sources */ = {isa = PBXBuildFile; fileRef = 849E5AEB183BAA8F001F2F17 /* SBJsonStreamParser.m */; };
		849E5B01183BAA8F001F2F17 /* SBJsonStreamParserAccumulator.m in Sources */ = {isa = PBXBuildFile; fileRef = 849E5AED183BAA8F001F2F17 /* SBJsonStreamParserAccumulator.m */; };
		849E5B02183BAA8F001F2F17 /* SBJsonStreamParserAdapter.m in Sources */ = {isa = PBXBuildFile; fileRef = 849E5AEF183BAA8F001F2F17 /* SBJsonStreamParserAdapter.m */; };
		849E5B03183BAA8F001F2F17 /* SBJsonStreamParserState.m in Sources */ = {isa = PBXBuildFile; fileRef = 849E5AF1183BAA8F001F2F17 /* SBJsonStreamParserState.m */; };
		849E5B04183BAA8F001F2F17 /* SBJsonStreamWriter.m in Sources */ = {isa = PBXBuildFile; fileRef = 849E5AF3183BAA8F001F2F17 /* SBJsonStreamWriter.m */; };
		849E5B05183BAA8F001F2F17 /* SBJsonStreamWriterAccumulator.m in Sources */ = {isa = PBXBuildFile; fileRef = 849E5AF5183BAA8F001F2F17 /* SBJsonStreamWriterAccumulator.m */; };
		849E5B06183BAA8F001F2F17 /* SBJsonStreamWriterState.m in Sources */ = {isa = PBXBuildFile; fileRef = 849E5AF7183BAA8F001F2F17 /* SBJsonStreamWriterState.m */; };
		849E5B07183BAA8F001F2F17 /* SBJsonTokeniser.m in Sources */ = {isa = PBXBuildFile; fileRef = 849E5AF9183BAA8F001F2F17 /* SBJsonTokeniser.m */; };
		849E5B08183BAA8F001F2F17 /* SBJsonUTF8Stream.m in Sources */ = {isa = PBXBuildFile; fileRef = 849E5AFB183BAA8F001F2F17 /* SBJsonUTF8Stream.m */; };
		849E5B09183BAA8F001F2F17 /* SBJsonWriter.m in Sources */ = {isa = PBXBuildFile; fileRef = 849E5AFD183BAA8F001F2F17 /* SBJsonWriter.m */; };
		84BD2C751844AB6400C200DA /* inventory_image.jpg in Resources */ = {isa = PBXBuildFile; fileRef = 84BD2C741844AB6400C200DA /* inventory_image.jpg */; };
		84BD2C771844AED700C200DA /* placeholderImage.png in Resources */ = {isa = PBXBuildFile; fileRef = 84BD2C761844AED700C200DA /* placeholderImage.png */; };
		84BD2C7B1844DB0D00C200DA /* MBProgressHUD.m in Sources */ = {isa = PBXBuildFile; fileRef = 84BD2C7A1844DB0D00C200DA /* MBProgressHUD.m */; };
		84BFC5B0183F8E170084EBD9 /* LOMInventoryController~ipad.xib in Resources */ = {isa = PBXBuildFile; fileRef = 84BFC5AF183F8E170084EBD9 /* LOMInventoryController~ipad.xib */; };
		84BFC5B218433D3F0084EBD9 /* LOICell~ipad.xib in Resources */ = {isa = PBXBuildFile; fileRef = 84BFC5B118433D3F0084EBD9 /* LOICell~ipad.xib */; };
/* End PBXBuildFile section */

/* Begin PBXFileReference section */
		8452B1CF184F4A6B00D9A924 /* blackGradient.png */ = {isa = PBXFileReference; lastKnownFileType = image.png; path = blackGradient.png; sourceTree = "<group>"; };
		8452B1D0184F4A6B00D9A924 /* downArrow.png */ = {isa = PBXFileReference; lastKnownFileType = image.png; path = downArrow.png; sourceTree = "<group>"; };
		8452B1D3184F531700D9A924 /* TapToShowView.h */ = {isa = PBXFileReference; fileEncoding = 4; lastKnownFileType = sourcecode.c.h; path = TapToShowView.h; sourceTree = "<group>"; };
		8452B1D4184F531700D9A924 /* TapToShowView.m */ = {isa = PBXFileReference; fileEncoding = 4; lastKnownFileType = sourcecode.c.objc; path = TapToShowView.m; sourceTree = "<group>"; };
		8452B1D6184F533500D9A924 /* TapToShowView.xib */ = {isa = PBXFileReference; fileEncoding = 4; lastKnownFileType = file.xib; path = TapToShowView.xib; sourceTree = "<group>"; };
		8452E9DE184E31970066C99C /* RegisterController.h */ = {isa = PBXFileReference; fileEncoding = 4; lastKnownFileType = sourcecode.c.h; path = RegisterController.h; sourceTree = "<group>"; };
		8452E9DF184E31970066C99C /* RegisterController.m */ = {isa = PBXFileReference; fileEncoding = 4; lastKnownFileType = sourcecode.c.objc; path = RegisterController.m; sourceTree = "<group>"; };
		8452E9E0184E31980066C99C /* RegisterController~iphone.xib */ = {isa = PBXFileReference; fileEncoding = 4; lastKnownFileType = file.xib; path = "RegisterController~iphone.xib"; sourceTree = "<group>"; };
		8452E9E4184E31D50066C99C /* RegisterController~ipad.xib */ = {isa = PBXFileReference; fileEncoding = 4; lastKnownFileType = file.xib; path = "RegisterController~ipad.xib"; sourceTree = "<group>"; };
		8452E9E6184E34470066C99C /* FaqController.h */ = {isa = PBXFileReference; fileEncoding = 4; lastKnownFileType = sourcecode.c.h; path = FaqController.h; sourceTree = "<group>"; };
		8452E9E7184E34480066C99C /* FaqController.m */ = {isa = PBXFileReference; fileEncoding = 4; lastKnownFileType = sourcecode.c.objc; path = FaqController.m; sourceTree = "<group>"; };
		8452E9E8184E34480066C99C /* FaqController~iphone.xib */ = {isa = PBXFileReference; fileEncoding = 4; lastKnownFileType = file.xib; path = "FaqController~iphone.xib"; sourceTree = "<group>"; };
		8452E9EB184E34680066C99C /* FaqController~ipad.xib */ = {isa = PBXFileReference; fileEncoding = 4; lastKnownFileType = file.xib; path = "FaqController~ipad.xib"; sourceTree = "<group>"; };
		8452E9EE184E404D0066C99C /* Default-Portrait~ipad.png */ = {isa = PBXFileReference; lastKnownFileType = image.png; name = "Default-Portrait~ipad.png"; path = "../Default-Portrait~ipad.png"; sourceTree = "<group>"; };
		8452E9F0184E40500066C99C /* Default-Portrait@2x~ipad.png */ = {isa = PBXFileReference; lastKnownFileType = image.png; name = "Default-Portrait@2x~ipad.png"; path = "../Default-Portrait@2x~ipad.png"; sourceTree = "<group>"; };
		8452E9F2184E40530066C99C /* Default-Landscape~ipad.png */ = {isa = PBXFileReference; lastKnownFileType = image.png; name = "Default-Landscape~ipad.png"; path = "../Default-Landscape~ipad.png"; sourceTree = "<group>"; };
		8452E9F4184E40570066C99C /* Default-Landscape@2x~ipad.png */ = {isa = PBXFileReference; lastKnownFileType = image.png; name = "Default-Landscape@2x~ipad.png"; path = "../Default-Landscape@2x~ipad.png"; sourceTree = "<group>"; };
		8452E9F6184E42880066C99C /* GalleryController.h */ = {isa = PBXFileReference; fileEncoding = 4; lastKnownFileType = sourcecode.c.h; path = GalleryController.h; sourceTree = "<group>"; };
		8452E9F7184E42880066C99C /* GalleryController.m */ = {isa = PBXFileReference; fileEncoding = 4; lastKnownFileType = sourcecode.c.objc; path = GalleryController.m; sourceTree = "<group>"; };
		8452E9F8184E42880066C99C /* GalleryController~iphone.xib */ = {isa = PBXFileReference; fileEncoding = 4; lastKnownFileType = file.xib; path = "GalleryController~iphone.xib"; sourceTree = "<group>"; };
		8452E9FB184E42A90066C99C /* GalleryController~ipad.xib */ = {isa = PBXFileReference; fileEncoding = 4; lastKnownFileType = file.xib; path = "GalleryController~ipad.xib"; sourceTree = "<group>"; };
		845D708C182B9BA800A3757C /* MotorHomes.app */ = {isa = PBXFileReference; explicitFileType = wrapper.application; includeInIndex = 0; path = MotorHomes.app; sourceTree = BUILT_PRODUCTS_DIR; };
		845D708F182B9BA800A3757C /* UIKit.framework */ = {isa = PBXFileReference; lastKnownFileType = wrapper.framework; name = UIKit.framework; path = System/Library/Frameworks/UIKit.framework; sourceTree = SDKROOT; };
		845D7091182B9BA800A3757C /* Foundation.framework */ = {isa = PBXFileReference; lastKnownFileType = wrapper.framework; name = Foundation.framework; path = System/Library/Frameworks/Foundation.framework; sourceTree = SDKROOT; };
		845D7093182B9BA800A3757C /* CoreGraphics.framework */ = {isa = PBXFileReference; lastKnownFileType = wrapper.framework; name = CoreGraphics.framework; path = System/Library/Frameworks/CoreGraphics.framework; sourceTree = SDKROOT; };
		845D7097182B9BA800A3757C /* MotorHomes-Info.plist */ = {isa = PBXFileReference; lastKnownFileType = text.plist.xml; path = "MotorHomes-Info.plist"; sourceTree = "<group>"; };
		845D7099182B9BA800A3757C /* en */ = {isa = PBXFileReference; lastKnownFileType = text.plist.strings; name = en; path = en.lproj/InfoPlist.strings; sourceTree = "<group>"; };
		845D709B182B9BA800A3757C /* main.m */ = {isa = PBXFileReference; lastKnownFileType = sourcecode.c.objc; path = main.m; sourceTree = "<group>"; };
		845D709D182B9BA800A3757C /* MotorHomes-Prefix.pch */ = {isa = PBXFileReference; lastKnownFileType = sourcecode.c.h; path = "MotorHomes-Prefix.pch"; sourceTree = "<group>"; };
		845D709E182B9BA800A3757C /* AppDelegate.h */ = {isa = PBXFileReference; lastKnownFileType = sourcecode.c.h; path = AppDelegate.h; sourceTree = "<group>"; };
		845D709F182B9BA800A3757C /* AppDelegate.m */ = {isa = PBXFileReference; lastKnownFileType = sourcecode.c.objc; path = AppDelegate.m; sourceTree = "<group>"; };
		845D70A7182B9BA800A3757C /* SignInController.h */ = {isa = PBXFileReference; lastKnownFileType = sourcecode.c.h; path = SignInController.h; sourceTree = "<group>"; };
		845D70A8182B9BA800A3757C /* SignInController.m */ = {isa = PBXFileReference; lastKnownFileType = sourcecode.c.objc; path = SignInController.m; sourceTree = "<group>"; };
		845D70AB182B9BA800A3757C /* en */ = {isa = PBXFileReference; lastKnownFileType = file.xib; name = en; path = "en.lproj/SignInController~iphone.xib"; sourceTree = "<group>"; };
		845D70AE182B9BA800A3757C /* en */ = {isa = PBXFileReference; lastKnownFileType = file.xib; name = en; path = "en.lproj/SignInController~ipad.xib"; sourceTree = "<group>"; };
		845D70C5182BA58F00A3757C /* MFSideMenu.h */ = {isa = PBXFileReference; fileEncoding = 4; lastKnownFileType = sourcecode.c.h; path = MFSideMenu.h; sourceTree = "<group>"; };
		845D70C6182BA58F00A3757C /* MFSideMenuContainerViewController.h */ = {isa = PBXFileReference; fileEncoding = 4; lastKnownFileType = sourcecode.c.h; path = MFSideMenuContainerViewController.h; sourceTree = "<group>"; };
		845D70C7182BA58F00A3757C /* MFSideMenuContainerViewController.m */ = {isa = PBXFileReference; fileEncoding = 4; lastKnownFileType = sourcecode.c.objc; path = MFSideMenuContainerViewController.m; sourceTree = "<group>"; };
		845D70C8182BA58F00A3757C /* MFSideMenuShadow.h */ = {isa = PBXFileReference; fileEncoding = 4; lastKnownFileType = sourcecode.c.h; path = MFSideMenuShadow.h; sourceTree = "<group>"; };
		845D70C9182BA58F00A3757C /* MFSideMenuShadow.m */ = {isa = PBXFileReference; fileEncoding = 4; lastKnownFileType = sourcecode.c.objc; path = MFSideMenuShadow.m; sourceTree = "<group>"; };
		845D70CA182BA58F00A3757C /* UIViewController+MFSideMenuAdditions.h */ = {isa = PBXFileReference; fileEncoding = 4; lastKnownFileType = sourcecode.c.h; path = "UIViewController+MFSideMenuAdditions.h"; sourceTree = "<group>"; };
		845D70CB182BA58F00A3757C /* UIViewController+MFSideMenuAdditions.m */ = {isa = PBXFileReference; fileEncoding = 4; lastKnownFileType = sourcecode.c.objc; path = "UIViewController+MFSideMenuAdditions.m"; sourceTree = "<group>"; };
		845D70F4182BA8E600A3757C /* LeftMenuController.h */ = {isa = PBXFileReference; fileEncoding = 4; lastKnownFileType = sourcecode.c.h; path = LeftMenuController.h; sourceTree = "<group>"; };
		845D70F5182BA8E600A3757C /* LeftMenuController.m */ = {isa = PBXFileReference; fileEncoding = 4; lastKnownFileType = sourcecode.c.objc; path = LeftMenuController.m; sourceTree = "<group>"; };
		845D70F6182BA8E600A3757C /* LeftMenuController.xib */ = {isa = PBXFileReference; fileEncoding = 4; lastKnownFileType = file.xib; path = LeftMenuController.xib; sourceTree = "<group>"; };
		845D70F9182BA9D700A3757C /* MobileCoreServices.framework */ = {isa = PBXFileReference; lastKnownFileType = wrapper.framework; name = MobileCoreServices.framework; path = System/Library/Frameworks/MobileCoreServices.framework; sourceTree = SDKROOT; };
		845D70FC182BB09F00A3757C /* background.png */ = {isa = PBXFileReference; lastKnownFileType = image.png; path = background.png; sourceTree = "<group>"; };
		845D70FE182BB4D400A3757C /* backgroundLight.png */ = {isa = PBXFileReference; lastKnownFileType = image.png; path = backgroundLight.png; sourceTree = "<group>"; };
		845D7100182BB98300A3757C /* LBView.h */ = {isa = PBXFileReference; fileEncoding = 4; lastKnownFileType = sourcecode.c.h; path = LBView.h; sourceTree = "<group>"; };
		845D7101182BB98300A3757C /* LBView.m */ = {isa = PBXFileReference; fileEncoding = 4; lastKnownFileType = sourcecode.c.objc; path = LBView.m; sourceTree = "<group>"; };
		845D7103182BBC8800A3757C /* separator.png */ = {isa = PBXFileReference; lastKnownFileType = image.png; path = separator.png; sourceTree = "<group>"; };
		845D7105182BBDDB00A3757C /* DBView.h */ = {isa = PBXFileReference; fileEncoding = 4; lastKnownFileType = sourcecode.c.h; path = DBView.h; sourceTree = "<group>"; };
		845D7106182BBDDB00A3757C /* DBView.m */ = {isa = PBXFileReference; fileEncoding = 4; lastKnownFileType = sourcecode.c.objc; path = DBView.m; sourceTree = "<group>"; };
		845D7108182BC0A200A3757C /* Default.png */ = {isa = PBXFileReference; lastKnownFileType = image.png; name = Default.png; path = ../Default.png; sourceTree = "<group>"; };
		845D710A182BC0A400A3757C /* Default@2x.png */ = {isa = PBXFileReference; lastKnownFileType = image.png; name = "Default@2x.png"; path = "../Default@2x.png"; sourceTree = "<group>"; };
		845D710C182BC0A700A3757C /* Default-568h@2x.png */ = {isa = PBXFileReference; lastKnownFileType = image.png; name = "Default-568h@2x.png"; path = "../Default-568h@2x.png"; sourceTree = "<group>"; };
		845D710E182BC43600A3757C /* horizontalShadow.png */ = {isa = PBXFileReference; lastKnownFileType = image.png; path = horizontalShadow.png; sourceTree = "<group>"; };
		845D7110182BD63600A3757C /* yellowStar.png */ = {isa = PBXFileReference; lastKnownFileType = image.png; path = yellowStar.png; sourceTree = "<group>"; };
		845D7112182BDEA700A3757C /* busIcon.png */ = {isa = PBXFileReference; lastKnownFileType = image.png; path = busIcon.png; sourceTree = "<group>"; };
		846D04FC18686FC600B244C1 /* VideoController.h */ = {isa = PBXFileReference; fileEncoding = 4; lastKnownFileType = sourcecode.c.h; path = VideoController.h; sourceTree = "<group>"; };
		846D04FD18686FC600B244C1 /* VideoController.m */ = {isa = PBXFileReference; fileEncoding = 4; lastKnownFileType = sourcecode.c.objc; path = VideoController.m; sourceTree = "<group>"; };
		846D04FE18686FC600B244C1 /* VideoController~iphone.xib */ = {isa = PBXFileReference; fileEncoding = 4; lastKnownFileType = file.xib; path = "VideoController~iphone.xib"; sourceTree = "<group>"; };
		846D050118686FEB00B244C1 /* VideoController~ipad.xib */ = {isa = PBXFileReference; fileEncoding = 4; lastKnownFileType = file.xib; path = "VideoController~ipad.xib"; sourceTree = "<group>"; };
		846D05031868707B00B244C1 /* AVFoundation.framework */ = {isa = PBXFileReference; lastKnownFileType = wrapper.framework; name = AVFoundation.framework; path = System/Library/Frameworks/AVFoundation.framework; sourceTree = SDKROOT; };
		846D05051868708200B244C1 /* MediaPlayer.framework */ = {isa = PBXFileReference; lastKnownFileType = wrapper.framework; name = MediaPlayer.framework; path = System/Library/Frameworks/MediaPlayer.framework; sourceTree = SDKROOT; };
		849E2C43182CEF9C00477E11 /* accountIcon.png */ = {isa = PBXFileReference; lastKnownFileType = image.png; path = accountIcon.png; sourceTree = "<group>"; };
		849E2C44182CEF9C00477E11 /* arrowsIcon.png */ = {isa = PBXFileReference; lastKnownFileType = image.png; path = arrowsIcon.png; sourceTree = "<group>"; };
		849E2C45182CEF9C00477E11 /* faqIcon.png */ = {isa = PBXFileReference; lastKnownFileType = image.png; path = faqIcon.png; sourceTree = "<group>"; };
		849E2C46182CEF9C00477E11 /* heartIcon.png */ = {isa = PBXFileReference; lastKnownFileType = image.png; path = heartIcon.png; sourceTree = "<group>"; };
		849E2C47182CEF9C00477E11 /* megafonIcon.png */ = {isa = PBXFileReference; lastKnownFileType = image.png; path = megafonIcon.png; sourceTree = "<group>"; };
		849E2C48182CEF9C00477E11 /* signInIcon.png */ = {isa = PBXFileReference; lastKnownFileType = image.png; path = signInIcon.png; sourceTree = "<group>"; };
		849E2C49182CEF9C00477E11 /* wrenchIcon.png */ = {isa = PBXFileReference; lastKnownFileType = image.png; path = wrenchIcon.png; sourceTree = "<group>"; };
		849E2C53182CF4EF00477E11 /* BaseViewController.h */ = {isa = PBXFileReference; fileEncoding = 4; lastKnownFileType = sourcecode.c.h; path = BaseViewController.h; sourceTree = "<group>"; };
		849E2C54182CF4EF00477E11 /* BaseViewController.m */ = {isa = PBXFileReference; fileEncoding = 4; lastKnownFileType = sourcecode.c.objc; path = BaseViewController.m; sourceTree = "<group>"; };
		849E2C57182D0BB000477E11 /* navigationBackground.png */ = {isa = PBXFileReference; lastKnownFileType = image.png; path = navigationBackground.png; sourceTree = "<group>"; };
		849E2C59182D160B00477E11 /* backButton.png */ = {isa = PBXFileReference; lastKnownFileType = image.png; path = backButton.png; sourceTree = "<group>"; };
		849E2C5A182D160B00477E11 /* filterButton.png */ = {isa = PBXFileReference; lastKnownFileType = image.png; path = filterButton.png; sourceTree = "<group>"; };
		849E2C5B182D160B00477E11 /* heartButton.png */ = {isa = PBXFileReference; lastKnownFileType = image.png; path = heartButton.png; sourceTree = "<group>"; };
		849E2C5C182D160B00477E11 /* menuButton.png */ = {isa = PBXFileReference; lastKnownFileType = image.png; path = menuButton.png; sourceTree = "<group>"; };
		849E2C611830E8B500477E11 /* logo.png */ = {isa = PBXFileReference; lastKnownFileType = image.png; path = logo.png; sourceTree = "<group>"; };
		849E2C631830EF7E00477E11 /* QuartzCore.framework */ = {isa = PBXFileReference; lastKnownFileType = wrapper.framework; name = QuartzCore.framework; path = System/Library/Frameworks/QuartzCore.framework; sourceTree = SDKROOT; };
		849E2C651830EFDB00477E11 /* GoldButton.h */ = {isa = PBXFileReference; fileEncoding = 4; lastKnownFileType = sourcecode.c.h; path = GoldButton.h; sourceTree = "<group>"; };
		849E2C661830EFDB00477E11 /* GoldButton.m */ = {isa = PBXFileReference; fileEncoding = 4; lastKnownFileType = sourcecode.c.objc; path = GoldButton.m; sourceTree = "<group>"; };
		849E2C681830F00000477E11 /* GoldTextField.h */ = {isa = PBXFileReference; fileEncoding = 4; lastKnownFileType = sourcecode.c.h; path = GoldTextField.h; sourceTree = "<group>"; };
		849E2C691830F00000477E11 /* GoldTextField.m */ = {isa = PBXFileReference; fileEncoding = 4; lastKnownFileType = sourcecode.c.objc; path = GoldTextField.m; sourceTree = "<group>"; };
		849E2C6B1830F4D900477E11 /* goldButton@2x.png */ = {isa = PBXFileReference; lastKnownFileType = image.png; path = "goldButton@2x.png"; sourceTree = "<group>"; };
		849E2C6D1830F6E600477E11 /* goldButton.png */ = {isa = PBXFileReference; lastKnownFileType = image.png; path = goldButton.png; sourceTree = "<group>"; };
		849E2C6F1831002600477E11 /* LOMInventoryController.h */ = {isa = PBXFileReference; fileEncoding = 4; lastKnownFileType = sourcecode.c.h; path = LOMInventoryController.h; sourceTree = "<group>"; };
		849E2C701831002600477E11 /* LOMInventoryController.m */ = {isa = PBXFileReference; fileEncoding = 4; lastKnownFileType = sourcecode.c.objc; path = LOMInventoryController.m; sourceTree = "<group>"; };
		849E2C711831002700477E11 /* LOMInventoryController~iphone.xib */ = {isa = PBXFileReference; fileEncoding = 4; lastKnownFileType = file.xib; path = "LOMInventoryController~iphone.xib"; sourceTree = "<group>"; };
		849E2C741831004B00477E11 /* LOIInventoryController.h */ = {isa = PBXFileReference; fileEncoding = 4; lastKnownFileType = sourcecode.c.h; path = LOIInventoryController.h; sourceTree = "<group>"; };
		849E2C751831004C00477E11 /* LOIInventoryController.m */ = {isa = PBXFileReference; fileEncoding = 4; lastKnownFileType = sourcecode.c.objc; path = LOIInventoryController.m; sourceTree = "<group>"; };
		849E2C761831004C00477E11 /* LOIInventoryController~iphone.xib */ = {isa = PBXFileReference; fileEncoding = 4; lastKnownFileType = file.xib; path = "LOIInventoryController~iphone.xib"; sourceTree = "<group>"; };
		849E2C7A1831196100477E11 /* LOMCell.h */ = {isa = PBXFileReference; fileEncoding = 4; lastKnownFileType = sourcecode.c.h; path = LOMCell.h; sourceTree = "<group>"; };
		849E2C7B1831196100477E11 /* LOMCell.m */ = {isa = PBXFileReference; fileEncoding = 4; lastKnownFileType = sourcecode.c.objc; path = LOMCell.m; sourceTree = "<group>"; };
		849E2C7D1831197200477E11 /* LOICell.h */ = {isa = PBXFileReference; fileEncoding = 4; lastKnownFileType = sourcecode.c.h; path = LOICell.h; sourceTree = "<group>"; };
		849E2C7E1831197200477E11 /* LOICell.m */ = {isa = PBXFileReference; fileEncoding = 4; lastKnownFileType = sourcecode.c.objc; path = LOICell.m; sourceTree = "<group>"; };
		849E2C801831199800477E11 /* LOMCell.xib */ = {isa = PBXFileReference; fileEncoding = 4; lastKnownFileType = file.xib; path = LOMCell.xib; sourceTree = "<group>"; };
		849E2C82183119C600477E11 /* LOICell~iphone.xib */ = {isa = PBXFileReference; fileEncoding = 4; lastKnownFileType = file.xib; path = "LOICell~iphone.xib"; sourceTree = "<group>"; };
		849E2C8418311CE500477E11 /* busPrototype.png */ = {isa = PBXFileReference; lastKnownFileType = image.png; path = busPrototype.png; sourceTree = "<group>"; };
		849E2C8518311CE500477E11 /* logoPrototype.png */ = {isa = PBXFileReference; lastKnownFileType = image.png; path = logoPrototype.png; sourceTree = "<group>"; };
		849E2C8818311DF000477E11 /* rightArrow.png */ = {isa = PBXFileReference; lastKnownFileType = image.png; path = rightArrow.png; sourceTree = "<group>"; };
		849E2C8A183120F300477E11 /* LBCell.h */ = {isa = PBXFileReference; fileEncoding = 4; lastKnownFileType = sourcecode.c.h; path = LBCell.h; sourceTree = "<group>"; };
		849E2C8B183120F300477E11 /* LBCell.m */ = {isa = PBXFileReference; fileEncoding = 4; lastKnownFileType = sourcecode.c.objc; path = LBCell.m; sourceTree = "<group>"; };
		849E2C8D183127BE00477E11 /* centerSegmentButton.png */ = {isa = PBXFileReference; lastKnownFileType = image.png; path = centerSegmentButton.png; sourceTree = "<group>"; };
		849E2C8E183127BE00477E11 /* centerSegmentButtonSelected.png */ = {isa = PBXFileReference; lastKnownFileType = image.png; path = centerSegmentButtonSelected.png; sourceTree = "<group>"; };
		849E2C8F183127BE00477E11 /* leftSegmentButton.png */ = {isa = PBXFileReference; lastKnownFileType = image.png; path = leftSegmentButton.png; sourceTree = "<group>"; };
		849E2C90183127BE00477E11 /* leftSegmentButtonSelected.png */ = {isa = PBXFileReference; lastKnownFileType = image.png; path = leftSegmentButtonSelected.png; sourceTree = "<group>"; };
		849E2C91183127BF00477E11 /* rightSegmentButton.png */ = {isa = PBXFileReference; lastKnownFileType = image.png; path = rightSegmentButton.png; sourceTree = "<group>"; };
		849E2C92183127BF00477E11 /* rightSegmentButtonSelected.png */ = {isa = PBXFileReference; lastKnownFileType = image.png; path = rightSegmentButtonSelected.png; sourceTree = "<group>"; };
		849E2C9918312F2000477E11 /* redButton@2x.png */ = {isa = PBXFileReference; lastKnownFileType = image.png; path = "redButton@2x.png"; sourceTree = "<group>"; };
		849E2C9B18312F5F00477E11 /* redButton.png */ = {isa = PBXFileReference; lastKnownFileType = image.png; path = redButton.png; sourceTree = "<group>"; };
		849E2C9D18312F7300477E11 /* RedButton.h */ = {isa = PBXFileReference; fileEncoding = 4; lastKnownFileType = sourcecode.c.h; path = RedButton.h; sourceTree = "<group>"; };
		849E2C9E18312F7300477E11 /* RedButton.m */ = {isa = PBXFileReference; fileEncoding = 4; lastKnownFileType = sourcecode.c.objc; path = RedButton.m; sourceTree = "<group>"; };
		849E2CA018312FCF00477E11 /* busPrototype2.png */ = {isa = PBXFileReference; lastKnownFileType = image.png; path = busPrototype2.png; sourceTree = "<group>"; };
		849E2CA2183219C500477E11 /* ItemDetailsController.h */ = {isa = PBXFileReference; fileEncoding = 4; lastKnownFileType = sourcecode.c.h; path = ItemDetailsController.h; sourceTree = "<group>"; };
		849E2CA3183219C600477E11 /* ItemDetailsController.m */ = {isa = PBXFileReference; fileEncoding = 4; lastKnownFileType = sourcecode.c.objc; path = ItemDetailsController.m; sourceTree = "<group>"; };
		849E2CA4183219C800477E11 /* ItemDetailsController~iphone.xib */ = {isa = PBXFileReference; fileEncoding = 4; lastKnownFileType = file.xib; path = "ItemDetailsController~iphone.xib"; sourceTree = "<group>"; };
		849E2CA7183219EC00477E11 /* ItemDetailsController~ipad.xib */ = {isa = PBXFileReference; fileEncoding = 4; lastKnownFileType = file.xib; path = "ItemDetailsController~ipad.xib"; sourceTree = "<group>"; };
		849E2CA918321F0E00477E11 /* goldBorderButton.png */ = {isa = PBXFileReference; lastKnownFileType = image.png; path = goldBorderButton.png; sourceTree = "<group>"; };
		849E2CAA18321F0E00477E11 /* goldBorderButton@2x.png */ = {isa = PBXFileReference; lastKnownFileType = image.png; path = "goldBorderButton@2x.png"; sourceTree = "<group>"; };
		849E2CAD18321F3100477E11 /* GoldBorderButton.h */ = {isa = PBXFileReference; fileEncoding = 4; lastKnownFileType = sourcecode.c.h; path = GoldBorderButton.h; sourceTree = "<group>"; };
		849E2CAE18321F3100477E11 /* GoldBorderButton.m */ = {isa = PBXFileReference; fileEncoding = 4; lastKnownFileType = sourcecode.c.objc; path = GoldBorderButton.m; sourceTree = "<group>"; };
		849E2CB01832254700477E11 /* pinkGradient.png */ = {isa = PBXFileReference; lastKnownFileType = image.png; path = pinkGradient.png; sourceTree = "<group>"; };
		849E2CB11832254800477E11 /* redGradient.png */ = {isa = PBXFileReference; lastKnownFileType = image.png; path = redGradient.png; sourceTree = "<group>"; };
		849E2CB21832254800477E11 /* watchVideoButton.png */ = {isa = PBXFileReference; lastKnownFileType = image.png; path = watchVideoButton.png; sourceTree = "<group>"; };
		849E2CB31832254900477E11 /* zoomToolButton.png */ = {isa = PBXFileReference; lastKnownFileType = image.png; path = zoomToolButton.png; sourceTree = "<group>"; };
		849E2CB81832283F00477E11 /* busPrototype1.png */ = {isa = PBXFileReference; lastKnownFileType = image.png; path = busPrototype1.png; sourceTree = "<group>"; };
		849E2CBA18322D7F00477E11 /* MessageUI.framework */ = {isa = PBXFileReference; lastKnownFileType = wrapper.framework; name = MessageUI.framework; path = System/Library/Frameworks/MessageUI.framework; sourceTree = SDKROOT; };
		849E2CBD183243E900477E11 /* icon57.png */ = {isa = PBXFileReference; lastKnownFileType = image.png; name = icon57.png; path = ../icon57.png; sourceTree = "<group>"; };
		849E2CBF183243F600477E11 /* icon114.png */ = {isa = PBXFileReference; lastKnownFileType = image.png; name = icon114.png; path = ../icon114.png; sourceTree = "<group>"; };
		849E2CC1183243FB00477E11 /* icon144.png */ = {isa = PBXFileReference; lastKnownFileType = image.png; name = icon144.png; path = ../icon144.png; sourceTree = "<group>"; };
		849E2CC3183243FE00477E11 /* icon72.png */ = {isa = PBXFileReference; lastKnownFileType = image.png; name = icon72.png; path = ../icon72.png; sourceTree = "<group>"; };
		849E2CC5183247D000477E11 /* radioButton@2x.png */ = {isa = PBXFileReference; lastKnownFileType = image.png; path = "radioButton@2x.png"; sourceTree = "<group>"; };
		849E2CC6183247D100477E11 /* radioButtonSelected@2x.png */ = {isa = PBXFileReference; lastKnownFileType = image.png; path = "radioButtonSelected@2x.png"; sourceTree = "<group>"; };
		849E2CC91832497400477E11 /* radioButton.png */ = {isa = PBXFileReference; lastKnownFileType = image.png; path = radioButton.png; sourceTree = "<group>"; };
		849E2CCA1832497400477E11 /* radioButtonSelected.png */ = {isa = PBXFileReference; lastKnownFileType = image.png; path = radioButtonSelected.png; sourceTree = "<group>"; };
		849E5AC4183B93FD001F2F17 /* AFHTTPClient.h */ = {isa = PBXFileReference; fileEncoding = 4; lastKnownFileType = sourcecode.c.h; path = AFHTTPClient.h; sourceTree = "<group>"; };
		849E5AC5183B93FD001F2F17 /* AFHTTPClient.m */ = {isa = PBXFileReference; fileEncoding = 4; lastKnownFileType = sourcecode.c.objc; path = AFHTTPClient.m; sourceTree = "<group>"; };
		849E5AC6183B93FD001F2F17 /* AFHTTPRequestOperation.h */ = {isa = PBXFileReference; fileEncoding = 4; lastKnownFileType = sourcecode.c.h; path = AFHTTPRequestOperation.h; sourceTree = "<group>"; };
		849E5AC7183B93FD001F2F17 /* AFHTTPRequestOperation.m */ = {isa = PBXFileReference; fileEncoding = 4; lastKnownFileType = sourcecode.c.objc; path = AFHTTPRequestOperation.m; sourceTree = "<group>"; };
		849E5AC8183B93FD001F2F17 /* AFImageRequestOperation.h */ = {isa = PBXFileReference; fileEncoding = 4; lastKnownFileType = sourcecode.c.h; path = AFImageRequestOperation.h; sourceTree = "<group>"; };
		849E5AC9183B93FD001F2F17 /* AFImageRequestOperation.m */ = {isa = PBXFileReference; fileEncoding = 4; lastKnownFileType = sourcecode.c.objc; path = AFImageRequestOperation.m; sourceTree = "<group>"; };
		849E5ACA183B93FD001F2F17 /* AFJSONRequestOperation.h */ = {isa = PBXFileReference; fileEncoding = 4; lastKnownFileType = sourcecode.c.h; path = AFJSONRequestOperation.h; sourceTree = "<group>"; };
		849E5ACB183B93FD001F2F17 /* AFJSONRequestOperation.m */ = {isa = PBXFileReference; fileEncoding = 4; lastKnownFileType = sourcecode.c.objc; path = AFJSONRequestOperation.m; sourceTree = "<group>"; };
		849E5ACC183B93FD001F2F17 /* AFNetworkActivityIndicatorManager.h */ = {isa = PBXFileReference; fileEncoding = 4; lastKnownFileType = sourcecode.c.h; path = AFNetworkActivityIndicatorManager.h; sourceTree = "<group>"; };
		849E5ACD183B93FD001F2F17 /* AFNetworkActivityIndicatorManager.m */ = {isa = PBXFileReference; fileEncoding = 4; lastKnownFileType = sourcecode.c.objc; path = AFNetworkActivityIndicatorManager.m; sourceTree = "<group>"; };
		849E5ACE183B93FD001F2F17 /* AFNetworking.h */ = {isa = PBXFileReference; fileEncoding = 4; lastKnownFileType = sourcecode.c.h; path = AFNetworking.h; sourceTree = "<group>"; };
		849E5ACF183B93FD001F2F17 /* AFPropertyListRequestOperation.h */ = {isa = PBXFileReference; fileEncoding = 4; lastKnownFileType = sourcecode.c.h; path = AFPropertyListRequestOperation.h; sourceTree = "<group>"; };
		849E5AD0183B93FD001F2F17 /* AFPropertyListRequestOperation.m */ = {isa = PBXFileReference; fileEncoding = 4; lastKnownFileType = sourcecode.c.objc; path = AFPropertyListRequestOperation.m; sourceTree = "<group>"; };
		849E5AD1183B93FD001F2F17 /* AFURLConnectionOperation.h */ = {isa = PBXFileReference; fileEncoding = 4; lastKnownFileType = sourcecode.c.h; path = AFURLConnectionOperation.h; sourceTree = "<group>"; };
		849E5AD2183B93FD001F2F17 /* AFURLConnectionOperation.m */ = {isa = PBXFileReference; fileEncoding = 4; lastKnownFileType = sourcecode.c.objc; path = AFURLConnectionOperation.m; sourceTree = "<group>"; };
		849E5AD3183B93FD001F2F17 /* AFXMLRequestOperation.h */ = {isa = PBXFileReference; fileEncoding = 4; lastKnownFileType = sourcecode.c.h; path = AFXMLRequestOperation.h; sourceTree = "<group>"; };
		849E5AD4183B93FD001F2F17 /* AFXMLRequestOperation.m */ = {isa = PBXFileReference; fileEncoding = 4; lastKnownFileType = sourcecode.c.objc; path = AFXMLRequestOperation.m; sourceTree = "<group>"; };
		849E5AD5183B93FD001F2F17 /* UIImageView+AFNetworking.h */ = {isa = PBXFileReference; fileEncoding = 4; lastKnownFileType = sourcecode.c.h; path = "UIImageView+AFNetworking.h"; sourceTree = "<group>"; };
		849E5AD6183B93FD001F2F17 /* UIImageView+AFNetworking.m */ = {isa = PBXFileReference; fileEncoding = 4; lastKnownFileType = sourcecode.c.objc; path = "UIImageView+AFNetworking.m"; sourceTree = "<group>"; };
		849E5AE0183B94DA001F2F17 /* Security.framework */ = {isa = PBXFileReference; lastKnownFileType = wrapper.framework; name = Security.framework; path = System/Library/Frameworks/Security.framework; sourceTree = SDKROOT; };
		849E5AE2183B9529001F2F17 /* SystemConfiguration.framework */ = {isa = PBXFileReference; lastKnownFileType = wrapper.framework; name = SystemConfiguration.framework; path = System/Library/Frameworks/SystemConfiguration.framework; sourceTree = SDKROOT; };
		849E5AE5183BAA8F001F2F17 /* NSObject+SBJson.h */ = {isa = PBXFileReference; fileEncoding = 4; lastKnownFileType = sourcecode.c.h; path = "NSObject+SBJson.h"; sourceTree = "<group>"; };
		849E5AE6183BAA8F001F2F17 /* NSObject+SBJson.m */ = {isa = PBXFileReference; fileEncoding = 4; lastKnownFileType = sourcecode.c.objc; path = "NSObject+SBJson.m"; sourceTree = "<group>"; };
		849E5AE7183BAA8F001F2F17 /* SBJson.h */ = {isa = PBXFileReference; fileEncoding = 4; lastKnownFileType = sourcecode.c.h; path = SBJson.h; sourceTree = "<group>"; };
		849E5AE8183BAA8F001F2F17 /* SBJsonParser.h */ = {isa = PBXFileReference; fileEncoding = 4; lastKnownFileType = sourcecode.c.h; path = SBJsonParser.h; sourceTree = "<group>"; };
		849E5AE9183BAA8F001F2F17 /* SBJsonParser.m */ = {isa = PBXFileReference; fileEncoding = 4; lastKnownFileType = sourcecode.c.objc; path = SBJsonParser.m; sourceTree = "<group>"; };
		849E5AEA183BAA8F001F2F17 /* SBJsonStreamParser.h */ = {isa = PBXFileReference; fileEncoding = 4; lastKnownFileType = sourcecode.c.h; path = SBJsonStreamParser.h; sourceTree = "<group>"; };
		849E5AEB183BAA8F001F2F17 /* SBJsonStreamParser.m */ = {isa = PBXFileReference; fileEncoding = 4; lastKnownFileType = sourcecode.c.objc; path = SBJsonStreamParser.m; sourceTree = "<group>"; };
		849E5AEC183BAA8F001F2F17 /* SBJsonStreamParserAccumulator.h */ = {isa = PBXFileReference; fileEncoding = 4; lastKnownFileType = sourcecode.c.h; path = SBJsonStreamParserAccumulator.h; sourceTree = "<group>"; };
		849E5AED183BAA8F001F2F17 /* SBJsonStreamParserAccumulator.m */ = {isa = PBXFileReference; fileEncoding = 4; lastKnownFileType = sourcecode.c.objc; path = SBJsonStreamParserAccumulator.m; sourceTree = "<group>"; };
		849E5AEE183BAA8F001F2F17 /* SBJsonStreamParserAdapter.h */ = {isa = PBXFileReference; fileEncoding = 4; lastKnownFileType = sourcecode.c.h; path = SBJsonStreamParserAdapter.h; sourceTree = "<group>"; };
		849E5AEF183BAA8F001F2F17 /* SBJsonStreamParserAdapter.m */ = {isa = PBXFileReference; fileEncoding = 4; lastKnownFileType = sourcecode.c.objc; path = SBJsonStreamParserAdapter.m; sourceTree = "<group>"; };
		849E5AF0183BAA8F001F2F17 /* SBJsonStreamParserState.h */ = {isa = PBXFileReference; fileEncoding = 4; lastKnownFileType = sourcecode.c.h; path = SBJsonStreamParserState.h; sourceTree = "<group>"; };
		849E5AF1183BAA8F001F2F17 /* SBJsonStreamParserState.m */ = {isa = PBXFileReference; fileEncoding = 4; lastKnownFileType = sourcecode.c.objc; path = SBJsonStreamParserState.m; sourceTree = "<group>"; };
		849E5AF2183BAA8F001F2F17 /* SBJsonStreamWriter.h */ = {isa = PBXFileReference; fileEncoding = 4; lastKnownFileType = sourcecode.c.h; path = SBJsonStreamWriter.h; sourceTree = "<group>"; };
		849E5AF3183BAA8F001F2F17 /* SBJsonStreamWriter.m */ = {isa = PBXFileReference; fileEncoding = 4; lastKnownFileType = sourcecode.c.objc; path = SBJsonStreamWriter.m; sourceTree = "<group>"; };
		849E5AF4183BAA8F001F2F17 /* SBJsonStreamWriterAccumulator.h */ = {isa = PBXFileReference; fileEncoding = 4; lastKnownFileType = sourcecode.c.h; path = SBJsonStreamWriterAccumulator.h; sourceTree = "<group>"; };
		849E5AF5183BAA8F001F2F17 /* SBJsonStreamWriterAccumulator.m */ = {isa = PBXFileReference; fileEncoding = 4; lastKnownFileType = sourcecode.c.objc; path = SBJsonStreamWriterAccumulator.m; sourceTree = "<group>"; };
		849E5AF6183BAA8F001F2F17 /* SBJsonStreamWriterState.h */ = {isa = PBXFileReference; fileEncoding = 4; lastKnownFileType = sourcecode.c.h; path = SBJsonStreamWriterState.h; sourceTree = "<group>"; };
		849E5AF7183BAA8F001F2F17 /* SBJsonStreamWriterState.m */ = {isa = PBXFileReference; fileEncoding = 4; lastKnownFileType = sourcecode.c.objc; path = SBJsonStreamWriterState.m; sourceTree = "<group>"; };
		849E5AF8183BAA8F001F2F17 /* SBJsonTokeniser.h */ = {isa = PBXFileReference; fileEncoding = 4; lastKnownFileType = sourcecode.c.h; path = SBJsonTokeniser.h; sourceTree = "<group>"; };
		849E5AF9183BAA8F001F2F17 /* SBJsonTokeniser.m */ = {isa = PBXFileReference; fileEncoding = 4; lastKnownFileType = sourcecode.c.objc; path = SBJsonTokeniser.m; sourceTree = "<group>"; };
		849E5AFA183BAA8F001F2F17 /* SBJsonUTF8Stream.h */ = {isa = PBXFileReference; fileEncoding = 4; lastKnownFileType = sourcecode.c.h; path = SBJsonUTF8Stream.h; sourceTree = "<group>"; };
		849E5AFB183BAA8F001F2F17 /* SBJsonUTF8Stream.m */ = {isa = PBXFileReference; fileEncoding = 4; lastKnownFileType = sourcecode.c.objc; path = SBJsonUTF8Stream.m; sourceTree = "<group>"; };
		849E5AFC183BAA8F001F2F17 /* SBJsonWriter.h */ = {isa = PBXFileReference; fileEncoding = 4; lastKnownFileType = sourcecode.c.h; path = SBJsonWriter.h; sourceTree = "<group>"; };
		849E5AFD183BAA8F001F2F17 /* SBJsonWriter.m */ = {isa = PBXFileReference; fileEncoding = 4; lastKnownFileType = sourcecode.c.objc; path = SBJsonWriter.m; sourceTree = "<group>"; };
		84BD2C741844AB6400C200DA /* inventory_image.jpg */ = {isa = PBXFileReference; lastKnownFileType = image.jpeg; path = inventory_image.jpg; sourceTree = "<group>"; };
		84BD2C761844AED700C200DA /* placeholderImage.png */ = {isa = PBXFileReference; lastKnownFileType = image.png; path = placeholderImage.png; sourceTree = "<group>"; };
		84BD2C791844DB0D00C200DA /* MBProgressHUD.h */ = {isa = PBXFileReference; fileEncoding = 4; lastKnownFileType = sourcecode.c.h; path = MBProgressHUD.h; sourceTree = "<group>"; };
		84BD2C7A1844DB0D00C200DA /* MBProgressHUD.m */ = {isa = PBXFileReference; fileEncoding = 4; lastKnownFileType = sourcecode.c.objc; path = MBProgressHUD.m; sourceTree = "<group>"; };
		84BFC5AF183F8E170084EBD9 /* LOMInventoryController~ipad.xib */ = {isa = PBXFileReference; fileEncoding = 4; lastKnownFileType = file.xib; path = "LOMInventoryController~ipad.xib"; sourceTree = "<group>"; };
		84BFC5B118433D3F0084EBD9 /* LOICell~ipad.xib */ = {isa = PBXFileReference; fileEncoding = 4; lastKnownFileType = file.xib; path = "LOICell~ipad.xib"; sourceTree = "<group>"; };
/* End PBXFileReference section */

/* Begin PBXFrameworksBuildPhase section */
		845D7089182B9BA800A3757C /* Frameworks */ = {
			isa = PBXFrameworksBuildPhase;
			buildActionMask = 2147483647;
			files = (
				846D05061868708200B244C1 /* MediaPlayer.framework in Frameworks */,
				846D05041868707B00B244C1 /* AVFoundation.framework in Frameworks */,
				849E5AE3183B9529001F2F17 /* SystemConfiguration.framework in Frameworks */,
				849E5AE1183B94DA001F2F17 /* Security.framework in Frameworks */,
				849E2CBB18322D8100477E11 /* MessageUI.framework in Frameworks */,
				849E2C641830EF7E00477E11 /* QuartzCore.framework in Frameworks */,
				845D70FA182BA9D700A3757C /* MobileCoreServices.framework in Frameworks */,
				845D7090182B9BA800A3757C /* UIKit.framework in Frameworks */,
				845D7092182B9BA800A3757C /* Foundation.framework in Frameworks */,
				845D7094182B9BA800A3757C /* CoreGraphics.framework in Frameworks */,
			);
			runOnlyForDeploymentPostprocessing = 0;
		};
/* End PBXFrameworksBuildPhase section */

/* Begin PBXGroup section */
		8452E9E3184E31A00066C99C /* RegisterController */ = {
			isa = PBXGroup;
			children = (
				8452E9DE184E31970066C99C /* RegisterController.h */,
				8452E9DF184E31970066C99C /* RegisterController.m */,
				8452E9E0184E31980066C99C /* RegisterController~iphone.xib */,
				8452E9E4184E31D50066C99C /* RegisterController~ipad.xib */,
			);
			name = RegisterController;
			sourceTree = "<group>";
		};
		8452E9ED184E34C00066C99C /* FaqController */ = {
			isa = PBXGroup;
			children = (
				8452E9E6184E34470066C99C /* FaqController.h */,
				8452E9E7184E34480066C99C /* FaqController.m */,
				8452E9E8184E34480066C99C /* FaqController~iphone.xib */,
				8452E9EB184E34680066C99C /* FaqController~ipad.xib */,
				8452B1D3184F531700D9A924 /* TapToShowView.h */,
				8452B1D4184F531700D9A924 /* TapToShowView.m */,
				8452B1D6184F533500D9A924 /* TapToShowView.xib */,
			);
			name = FaqController;
			sourceTree = "<group>";
		};
		845D7083182B9BA800A3757C = {
			isa = PBXGroup;
			children = (
				846D05051868708200B244C1 /* MediaPlayer.framework */,
				846D05031868707B00B244C1 /* AVFoundation.framework */,
				845D7095182B9BA800A3757C /* MotorHomes */,
				845D708E182B9BA800A3757C /* Frameworks */,
				845D708D182B9BA800A3757C /* Products */,
			);
			sourceTree = "<group>";
		};
		845D708D182B9BA800A3757C /* Products */ = {
			isa = PBXGroup;
			children = (
				845D708C182B9BA800A3757C /* MotorHomes.app */,
			);
			name = Products;
			sourceTree = "<group>";
		};
		845D708E182B9BA800A3757C /* Frameworks */ = {
			isa = PBXGroup;
			children = (
				84BD2C781844DB0D00C200DA /* MBProgressHUD */,
				849E5AC3183B93FD001F2F17 /* AFNetworking */,
				845D70C4182BA58F00A3757C /* MFSideMenu */,
				849E5AE4183BAA8F001F2F17 /* SBJson */,
				849E5AE0183B94DA001F2F17 /* Security.framework */,
				849E5AE2183B9529001F2F17 /* SystemConfiguration.framework */,
				845D70F9182BA9D700A3757C /* MobileCoreServices.framework */,
				849E2CBA18322D7F00477E11 /* MessageUI.framework */,
				845D708F182B9BA800A3757C /* UIKit.framework */,
				845D7091182B9BA800A3757C /* Foundation.framework */,
				845D7093182B9BA800A3757C /* CoreGraphics.framework */,
				849E2C631830EF7E00477E11 /* QuartzCore.framework */,
			);
			name = Frameworks;
			sourceTree = "<group>";
		};
		845D7095182B9BA800A3757C /* MotorHomes */ = {
			isa = PBXGroup;
			children = (
				845D709E182B9BA800A3757C /* AppDelegate.h */,
				845D709F182B9BA800A3757C /* AppDelegate.m */,
				849E2CBC183238A600477E11 /* ItemDetailsController */,
				849E2C791831005200477E11 /* InventoryController */,
				849E2C56182CF8DE00477E11 /* SignInController */,
				8452E9E3184E31A00066C99C /* RegisterController */,
				8452E9ED184E34C00066C99C /* FaqController */,
				849E2C52182CF46000477E11 /* LeftMenu */,
				849E2C51182CF44F00477E11 /* CustomViews */,
				845D70FB182BB09F00A3757C /* Images */,
				845D7096182B9BA800A3757C /* Supporting Files */,
			);
			path = MotorHomes;
			sourceTree = "<group>";
		};
		845D7096182B9BA800A3757C /* Supporting Files */ = {
			isa = PBXGroup;
			children = (
				845D7097182B9BA800A3757C /* MotorHomes-Info.plist */,
				845D7098182B9BA800A3757C /* InfoPlist.strings */,
				845D709B182B9BA800A3757C /* main.m */,
				845D709D182B9BA800A3757C /* MotorHomes-Prefix.pch */,
			);
			name = "Supporting Files";
			sourceTree = "<group>";
		};
		845D70C4182BA58F00A3757C /* MFSideMenu */ = {
			isa = PBXGroup;
			children = (
				845D70C5182BA58F00A3757C /* MFSideMenu.h */,
				845D70C6182BA58F00A3757C /* MFSideMenuContainerViewController.h */,
				845D70C7182BA58F00A3757C /* MFSideMenuContainerViewController.m */,
				845D70C8182BA58F00A3757C /* MFSideMenuShadow.h */,
				845D70C9182BA58F00A3757C /* MFSideMenuShadow.m */,
				845D70CA182BA58F00A3757C /* UIViewController+MFSideMenuAdditions.h */,
				845D70CB182BA58F00A3757C /* UIViewController+MFSideMenuAdditions.m */,
			);
			path = MFSideMenu;
			sourceTree = "<group>";
		};
		845D70FB182BB09F00A3757C /* Images */ = {
			isa = PBXGroup;
			children = (
				849E2CC3183243FE00477E11 /* icon72.png */,
				849E2CC1183243FB00477E11 /* icon144.png */,
				849E2CBF183243F600477E11 /* icon114.png */,
				849E2CBD183243E900477E11 /* icon57.png */,
				845D710C182BC0A700A3757C /* Default-568h@2x.png */,
				845D710A182BC0A400A3757C /* Default@2x.png */,
				845D7108182BC0A200A3757C /* Default.png */,
				8452E9F4184E40570066C99C /* Default-Landscape@2x~ipad.png */,
				8452E9F2184E40530066C99C /* Default-Landscape~ipad.png */,
				8452E9F0184E40500066C99C /* Default-Portrait@2x~ipad.png */,
				8452E9EE184E404D0066C99C /* Default-Portrait~ipad.png */,
				84BD2C761844AED700C200DA /* placeholderImage.png */,
				84BD2C741844AB6400C200DA /* inventory_image.jpg */,
				849E2CA018312FCF00477E11 /* busPrototype2.png */,
				849E2CB81832283F00477E11 /* busPrototype1.png */,
				849E2C8418311CE500477E11 /* busPrototype.png */,
				849E2C8518311CE500477E11 /* logoPrototype.png */,
				849E2C8D183127BE00477E11 /* centerSegmentButton.png */,
				849E2C8E183127BE00477E11 /* centerSegmentButtonSelected.png */,
				849E2C8F183127BE00477E11 /* leftSegmentButton.png */,
				849E2C90183127BE00477E11 /* leftSegmentButtonSelected.png */,
				849E2C91183127BF00477E11 /* rightSegmentButton.png */,
				849E2C92183127BF00477E11 /* rightSegmentButtonSelected.png */,
				849E2C8818311DF000477E11 /* rightArrow.png */,
				8452B1CF184F4A6B00D9A924 /* blackGradient.png */,
				8452B1D0184F4A6B00D9A924 /* downArrow.png */,
				849E2C611830E8B500477E11 /* logo.png */,
				845D7103182BBC8800A3757C /* separator.png */,
				845D710E182BC43600A3757C /* horizontalShadow.png */,
				845D70FC182BB09F00A3757C /* background.png */,
				845D70FE182BB4D400A3757C /* backgroundLight.png */,
				849E2C57182D0BB000477E11 /* navigationBackground.png */,
				845D7110182BD63600A3757C /* yellowStar.png */,
				845D7112182BDEA700A3757C /* busIcon.png */,
				849E2C43182CEF9C00477E11 /* accountIcon.png */,
				849E2C44182CEF9C00477E11 /* arrowsIcon.png */,
				849E2C45182CEF9C00477E11 /* faqIcon.png */,
				849E2C46182CEF9C00477E11 /* heartIcon.png */,
				849E2C47182CEF9C00477E11 /* megafonIcon.png */,
				849E2C48182CEF9C00477E11 /* signInIcon.png */,
				849E2C49182CEF9C00477E11 /* wrenchIcon.png */,
				849E2C59182D160B00477E11 /* backButton.png */,
				849E2C5A182D160B00477E11 /* filterButton.png */,
				849E2C5B182D160B00477E11 /* heartButton.png */,
				849E2C5C182D160B00477E11 /* menuButton.png */,
				849E2C6D1830F6E600477E11 /* goldButton.png */,
				849E2C6B1830F4D900477E11 /* goldButton@2x.png */,
				849E2CA918321F0E00477E11 /* goldBorderButton.png */,
				849E2CAA18321F0E00477E11 /* goldBorderButton@2x.png */,
				849E2C9B18312F5F00477E11 /* redButton.png */,
				849E2C9918312F2000477E11 /* redButton@2x.png */,
				849E2CC91832497400477E11 /* radioButton.png */,
				849E2CC5183247D000477E11 /* radioButton@2x.png */,
				849E2CCA1832497400477E11 /* radioButtonSelected.png */,
				849E2CC6183247D100477E11 /* radioButtonSelected@2x.png */,
				849E2CB01832254700477E11 /* pinkGradient.png */,
				849E2CB11832254800477E11 /* redGradient.png */,
				849E2CB21832254800477E11 /* watchVideoButton.png */,
				849E2CB31832254900477E11 /* zoomToolButton.png */,
			);
			path = Images;
			sourceTree = SOURCE_ROOT;
		};
		849E2C51182CF44F00477E11 /* CustomViews */ = {
			isa = PBXGroup;
			children = (
				849E2C53182CF4EF00477E11 /* BaseViewController.h */,
				849E2C54182CF4EF00477E11 /* BaseViewController.m */,
				849E2C8A183120F300477E11 /* LBCell.h */,
				849E2C8B183120F300477E11 /* LBCell.m */,
				845D7100182BB98300A3757C /* LBView.h */,
				845D7101182BB98300A3757C /* LBView.m */,
				845D7105182BBDDB00A3757C /* DBView.h */,
				845D7106182BBDDB00A3757C /* DBView.m */,
				849E2C651830EFDB00477E11 /* GoldButton.h */,
				849E2C661830EFDB00477E11 /* GoldButton.m */,
				849E2CAD18321F3100477E11 /* GoldBorderButton.h */,
				849E2CAE18321F3100477E11 /* GoldBorderButton.m */,
				849E2C9D18312F7300477E11 /* RedButton.h */,
				849E2C9E18312F7300477E11 /* RedButton.m */,
				849E2C681830F00000477E11 /* GoldTextField.h */,
				849E2C691830F00000477E11 /* GoldTextField.m */,
			);
			name = CustomViews;
			sourceTree = "<group>";
		};
		849E2C52182CF46000477E11 /* LeftMenu */ = {
			isa = PBXGroup;
			children = (
				845D70F4182BA8E600A3757C /* LeftMenuController.h */,
				845D70F5182BA8E600A3757C /* LeftMenuController.m */,
				845D70F6182BA8E600A3757C /* LeftMenuController.xib */,
			);
			name = LeftMenu;
			sourceTree = "<group>";
		};
		849E2C56182CF8DE00477E11 /* SignInController */ = {
			isa = PBXGroup;
			children = (
				845D70A7182B9BA800A3757C /* SignInController.h */,
				845D70A8182B9BA800A3757C /* SignInController.m */,
				845D70AA182B9BA800A3757C /* SignInController~iphone.xib */,
				845D70AD182B9BA800A3757C /* SignInController~ipad.xib */,
			);
			name = SignInController;
			sourceTree = "<group>";
		};
		849E2C791831005200477E11 /* InventoryController */ = {
			isa = PBXGroup;
			children = (
				849E2C6F1831002600477E11 /* LOMInventoryController.h */,
				849E2C701831002600477E11 /* LOMInventoryController.m */,
				849E2C711831002700477E11 /* LOMInventoryController~iphone.xib */,
				84BFC5AF183F8E170084EBD9 /* LOMInventoryController~ipad.xib */,
				849E2C7A1831196100477E11 /* LOMCell.h */,
				849E2C7B1831196100477E11 /* LOMCell.m */,
				849E2C801831199800477E11 /* LOMCell.xib */,
				849E2C741831004B00477E11 /* LOIInventoryController.h */,
				849E2C751831004C00477E11 /* LOIInventoryController.m */,
				849E2C761831004C00477E11 /* LOIInventoryController~iphone.xib */,
				849E2C7D1831197200477E11 /* LOICell.h */,
				849E2C7E1831197200477E11 /* LOICell.m */,
				849E2C82183119C600477E11 /* LOICell~iphone.xib */,
				84BFC5B118433D3F0084EBD9 /* LOICell~ipad.xib */,
			);
			name = InventoryController;
			sourceTree = "<group>";
		};
		849E2CBC183238A600477E11 /* ItemDetailsController */ = {
			isa = PBXGroup;
			children = (
				849E2CA2183219C500477E11 /* ItemDetailsController.h */,
				849E2CA3183219C600477E11 /* ItemDetailsController.m */,
				849E2CA4183219C800477E11 /* ItemDetailsController~iphone.xib */,
				849E2CA7183219EC00477E11 /* ItemDetailsController~ipad.xib */,
				8452E9F6184E42880066C99C /* GalleryController.h */,
				8452E9F7184E42880066C99C /* GalleryController.m */,
				8452E9F8184E42880066C99C /* GalleryController~iphone.xib */,
				8452E9FB184E42A90066C99C /* GalleryController~ipad.xib */,
				846D04FC18686FC600B244C1 /* VideoController.h */,
				846D04FD18686FC600B244C1 /* VideoController.m */,
				846D04FE18686FC600B244C1 /* VideoController~iphone.xib */,
				846D050118686FEB00B244C1 /* VideoController~ipad.xib */,
			);
			name = ItemDetailsController;
			sourceTree = "<group>";
		};
		849E5AC3183B93FD001F2F17 /* AFNetworking */ = {
			isa = PBXGroup;
			children = (
				849E5AC4183B93FD001F2F17 /* AFHTTPClient.h */,
				849E5AC5183B93FD001F2F17 /* AFHTTPClient.m */,
				849E5AC6183B93FD001F2F17 /* AFHTTPRequestOperation.h */,
				849E5AC7183B93FD001F2F17 /* AFHTTPRequestOperation.m */,
				849E5AC8183B93FD001F2F17 /* AFImageRequestOperation.h */,
				849E5AC9183B93FD001F2F17 /* AFImageRequestOperation.m */,
				849E5ACA183B93FD001F2F17 /* AFJSONRequestOperation.h */,
				849E5ACB183B93FD001F2F17 /* AFJSONRequestOperation.m */,
				849E5ACC183B93FD001F2F17 /* AFNetworkActivityIndicatorManager.h */,
				849E5ACD183B93FD001F2F17 /* AFNetworkActivityIndicatorManager.m */,
				849E5ACE183B93FD001F2F17 /* AFNetworking.h */,
				849E5ACF183B93FD001F2F17 /* AFPropertyListRequestOperation.h */,
				849E5AD0183B93FD001F2F17 /* AFPropertyListRequestOperation.m */,
				849E5AD1183B93FD001F2F17 /* AFURLConnectionOperation.h */,
				849E5AD2183B93FD001F2F17 /* AFURLConnectionOperation.m */,
				849E5AD3183B93FD001F2F17 /* AFXMLRequestOperation.h */,
				849E5AD4183B93FD001F2F17 /* AFXMLRequestOperation.m */,
				849E5AD5183B93FD001F2F17 /* UIImageView+AFNetworking.h */,
				849E5AD6183B93FD001F2F17 /* UIImageView+AFNetworking.m */,
			);
			path = AFNetworking;
			sourceTree = "<group>";
		};
		849E5AE4183BAA8F001F2F17 /* SBJson */ = {
			isa = PBXGroup;
			children = (
				849E5AE5183BAA8F001F2F17 /* NSObject+SBJson.h */,
				849E5AE6183BAA8F001F2F17 /* NSObject+SBJson.m */,
				849E5AE7183BAA8F001F2F17 /* SBJson.h */,
				849E5AE8183BAA8F001F2F17 /* SBJsonParser.h */,
				849E5AE9183BAA8F001F2F17 /* SBJsonParser.m */,
				849E5AEA183BAA8F001F2F17 /* SBJsonStreamParser.h */,
				849E5AEB183BAA8F001F2F17 /* SBJsonStreamParser.m */,
				849E5AEC183BAA8F001F2F17 /* SBJsonStreamParserAccumulator.h */,
				849E5AED183BAA8F001F2F17 /* SBJsonStreamParserAccumulator.m */,
				849E5AEE183BAA8F001F2F17 /* SBJsonStreamParserAdapter.h */,
				849E5AEF183BAA8F001F2F17 /* SBJsonStreamParserAdapter.m */,
				849E5AF0183BAA8F001F2F17 /* SBJsonStreamParserState.h */,
				849E5AF1183BAA8F001F2F17 /* SBJsonStreamParserState.m */,
				849E5AF2183BAA8F001F2F17 /* SBJsonStreamWriter.h */,
				849E5AF3183BAA8F001F2F17 /* SBJsonStreamWriter.m */,
				849E5AF4183BAA8F001F2F17 /* SBJsonStreamWriterAccumulator.h */,
				849E5AF5183BAA8F001F2F17 /* SBJsonStreamWriterAccumulator.m */,
				849E5AF6183BAA8F001F2F17 /* SBJsonStreamWriterState.h */,
				849E5AF7183BAA8F001F2F17 /* SBJsonStreamWriterState.m */,
				849E5AF8183BAA8F001F2F17 /* SBJsonTokeniser.h */,
				849E5AF9183BAA8F001F2F17 /* SBJsonTokeniser.m */,
				849E5AFA183BAA8F001F2F17 /* SBJsonUTF8Stream.h */,
				849E5AFB183BAA8F001F2F17 /* SBJsonUTF8Stream.m */,
				849E5AFC183BAA8F001F2F17 /* SBJsonWriter.h */,
				849E5AFD183BAA8F001F2F17 /* SBJsonWriter.m */,
			);
			path = SBJson;
			sourceTree = "<group>";
		};
		84BD2C781844DB0D00C200DA /* MBProgressHUD */ = {
			isa = PBXGroup;
			children = (
				84BD2C791844DB0D00C200DA /* MBProgressHUD.h */,
				84BD2C7A1844DB0D00C200DA /* MBProgressHUD.m */,
			);
			path = MBProgressHUD;
			sourceTree = "<group>";
		};
/* End PBXGroup section */

/* Begin PBXNativeTarget section */
		845D708B182B9BA800A3757C /* MotorHomes */ = {
			isa = PBXNativeTarget;
			buildConfigurationList = 845D70B2182B9BA800A3757C /* Build configuration list for PBXNativeTarget "MotorHomes" */;
			buildPhases = (
				845D7088182B9BA800A3757C /* Sources */,
				845D7089182B9BA800A3757C /* Frameworks */,
				845D708A182B9BA800A3757C /* Resources */,
			);
			buildRules = (
			);
			dependencies = (
			);
			name = MotorHomes;
			productName = MotorHomes;
			productReference = 845D708C182B9BA800A3757C /* MotorHomes.app */;
			productType = "com.apple.product-type.application";
		};
/* End PBXNativeTarget section */

/* Begin PBXProject section */
		845D7084182B9BA800A3757C /* Project object */ = {
			isa = PBXProject;
			attributes = {
				LastUpgradeCheck = 0460;
				ORGANIZATIONNAME = StexGroup;
			};
			buildConfigurationList = 845D7087182B9BA800A3757C /* Build configuration list for PBXProject "MotorHomes" */;
			compatibilityVersion = "Xcode 3.2";
			developmentRegion = English;
			hasScannedForEncodings = 0;
			knownRegions = (
				en,
			);
			mainGroup = 845D7083182B9BA800A3757C;
			productRefGroup = 845D708D182B9BA800A3757C /* Products */;
			projectDirPath = "";
			projectRoot = "";
			targets = (
				845D708B182B9BA800A3757C /* MotorHomes */,
			);
		};
/* End PBXProject section */

/* Begin PBXResourcesBuildPhase section */
		845D708A182B9BA800A3757C /* Resources */ = {
			isa = PBXResourcesBuildPhase;
			buildActionMask = 2147483647;
			files = (
				845D709A182B9BA800A3757C /* InfoPlist.strings in Resources */,
				845D70AC182B9BA800A3757C /* SignInController~iphone.xib in Resources */,
				845D70AF182B9BA800A3757C /* SignInController~ipad.xib in Resources */,
				845D70F8182BA8E600A3757C /* LeftMenuController.xib in Resources */,
				845D70FD182BB09F00A3757C /* background.png in Resources */,
				845D70FF182BB4D400A3757C /* backgroundLight.png in Resources */,
				845D7104182BBC8800A3757C /* separator.png in Resources */,
				845D7109182BC0A200A3757C /* Default.png in Resources */,
				845D710B182BC0A400A3757C /* Default@2x.png in Resources */,
				845D710D182BC0A700A3757C /* Default-568h@2x.png in Resources */,
				845D710F182BC43600A3757C /* horizontalShadow.png in Resources */,
				845D7111182BD63600A3757C /* yellowStar.png in Resources */,
				845D7113182BDEA800A3757C /* busIcon.png in Resources */,
				849E2C4A182CEF9C00477E11 /* accountIcon.png in Resources */,
				849E2C4B182CEF9C00477E11 /* arrowsIcon.png in Resources */,
				849E2C4C182CEF9C00477E11 /* faqIcon.png in Resources */,
				849E2C4D182CEF9C00477E11 /* heartIcon.png in Resources */,
				849E2C4E182CEF9C00477E11 /* megafonIcon.png in Resources */,
				849E2C4F182CEF9C00477E11 /* signInIcon.png in Resources */,
				849E2C50182CEF9C00477E11 /* wrenchIcon.png in Resources */,
				849E2C58182D0BB000477E11 /* navigationBackground.png in Resources */,
				849E2C5D182D160B00477E11 /* backButton.png in Resources */,
				849E2C5E182D160B00477E11 /* filterButton.png in Resources */,
				849E2C5F182D160B00477E11 /* heartButton.png in Resources */,
				849E2C60182D160B00477E11 /* menuButton.png in Resources */,
				849E2C621830E8B500477E11 /* logo.png in Resources */,
				849E2C6C1830F4DA00477E11 /* goldButton@2x.png in Resources */,
				849E2C6E1830F6E600477E11 /* goldButton.png in Resources */,
				849E2C731831002700477E11 /* LOMInventoryController~iphone.xib in Resources */,
				849E2C781831004D00477E11 /* LOIInventoryController~iphone.xib in Resources */,
				849E2C811831199800477E11 /* LOMCell.xib in Resources */,
				849E2C83183119C600477E11 /* LOICell~iphone.xib in Resources */,
				849E2C8618311CE500477E11 /* busPrototype.png in Resources */,
				849E2C8718311CE500477E11 /* logoPrototype.png in Resources */,
				849E2C8918311DF000477E11 /* rightArrow.png in Resources */,
				849E2C93183127C000477E11 /* centerSegmentButton.png in Resources */,
				849E2C94183127C000477E11 /* centerSegmentButtonSelected.png in Resources */,
				849E2C95183127C000477E11 /* leftSegmentButton.png in Resources */,
				849E2C96183127C000477E11 /* leftSegmentButtonSelected.png in Resources */,
				849E2C97183127C000477E11 /* rightSegmentButton.png in Resources */,
				849E2C98183127C000477E11 /* rightSegmentButtonSelected.png in Resources */,
				849E2C9A18312F2000477E11 /* redButton@2x.png in Resources */,
				849E2C9C18312F5F00477E11 /* redButton.png in Resources */,
				849E2CA118312FCF00477E11 /* busPrototype2.png in Resources */,
				849E2CA6183219C900477E11 /* ItemDetailsController~iphone.xib in Resources */,
				849E2CA8183219EC00477E11 /* ItemDetailsController~ipad.xib in Resources */,
				849E2CAB18321F0F00477E11 /* goldBorderButton.png in Resources */,
				849E2CAC18321F0F00477E11 /* goldBorderButton@2x.png in Resources */,
				849E2CB41832254A00477E11 /* pinkGradient.png in Resources */,
				849E2CB51832254A00477E11 /* redGradient.png in Resources */,
				849E2CB61832254A00477E11 /* watchVideoButton.png in Resources */,
				849E2CB71832254A00477E11 /* zoomToolButton.png in Resources */,
				849E2CB91832284000477E11 /* busPrototype1.png in Resources */,
				849E2CBE183243EA00477E11 /* icon57.png in Resources */,
				849E2CC0183243F700477E11 /* icon114.png in Resources */,
				849E2CC2183243FC00477E11 /* icon144.png in Resources */,
				849E2CC4183243FF00477E11 /* icon72.png in Resources */,
				849E2CC7183247D200477E11 /* radioButton@2x.png in Resources */,
				849E2CC8183247D200477E11 /* radioButtonSelected@2x.png in Resources */,
				849E2CCB1832497600477E11 /* radioButton.png in Resources */,
				849E2CCC1832497600477E11 /* radioButtonSelected.png in Resources */,
				84BFC5B0183F8E170084EBD9 /* LOMInventoryController~ipad.xib in Resources */,
				84BFC5B218433D3F0084EBD9 /* LOICell~ipad.xib in Resources */,
				84BD2C751844AB6400C200DA /* inventory_image.jpg in Resources */,
				84BD2C771844AED700C200DA /* placeholderImage.png in Resources */,
				8452E9E2184E31980066C99C /* RegisterController~iphone.xib in Resources */,
				8452E9E5184E31D50066C99C /* RegisterController~ipad.xib in Resources */,
				8452E9EA184E34490066C99C /* FaqController~iphone.xib in Resources */,
				8452E9EC184E34680066C99C /* FaqController~ipad.xib in Resources */,
				8452E9EF184E404D0066C99C /* Default-Portrait~ipad.png in Resources */,
				8452E9F1184E40510066C99C /* Default-Portrait@2x~ipad.png in Resources */,
				8452E9F3184E40530066C99C /* Default-Landscape~ipad.png in Resources */,
				8452E9F5184E40570066C99C /* Default-Landscape@2x~ipad.png in Resources */,
				8452E9FA184E42880066C99C /* GalleryController~iphone.xib in Resources */,
				8452E9FC184E42A90066C99C /* GalleryController~ipad.xib in Resources */,
				8452B1D1184F4A6B00D9A924 /* blackGradient.png in Resources */,
				8452B1D2184F4A6B00D9A924 /* downArrow.png in Resources */,
				8452B1D7184F533500D9A924 /* TapToShowView.xib in Resources */,
				846D050018686FC600B244C1 /* VideoController~iphone.xib in Resources */,
				846D050218686FEB00B244C1 /* VideoController~ipad.xib in Resources */,
			);
			runOnlyForDeploymentPostprocessing = 0;
		};
/* End PBXResourcesBuildPhase section */

/* Begin PBXSourcesBuildPhase section */
		845D7088182B9BA800A3757C /* Sources */ = {
			isa = PBXSourcesBuildPhase;
			buildActionMask = 2147483647;
			files = (
				845D709C182B9BA800A3757C /* main.m in Sources */,
				845D70A0182B9BA800A3757C /* AppDelegate.m in Sources */,
				845D70A9182B9BA800A3757C /* SignInController.m in Sources */,
				845D70E2182BA58F00A3757C /* MFSideMenuContainerViewController.m in Sources */,
				845D70E3182BA58F00A3757C /* MFSideMenuShadow.m in Sources */,
				845D70E4182BA58F00A3757C /* UIViewController+MFSideMenuAdditions.m in Sources */,
				845D70F7182BA8E600A3757C /* LeftMenuController.m in Sources */,
				845D7102182BB98300A3757C /* LBView.m in Sources */,
				845D7107182BBDDB00A3757C /* DBView.m in Sources */,
				849E2C55182CF4EF00477E11 /* BaseViewController.m in Sources */,
				849E2C671830EFDB00477E11 /* GoldButton.m in Sources */,
				849E2C6A1830F00000477E11 /* GoldTextField.m in Sources */,
				849E2C721831002700477E11 /* LOMInventoryController.m in Sources */,
				849E2C771831004D00477E11 /* LOIInventoryController.m in Sources */,
				849E2C7C1831196100477E11 /* LOMCell.m in Sources */,
				849E2C7F1831197200477E11 /* LOICell.m in Sources */,
				849E2C8C183120F300477E11 /* LBCell.m in Sources */,
				849E2C9F18312F7400477E11 /* RedButton.m in Sources */,
				849E2CA5183219C900477E11 /* ItemDetailsController.m in Sources */,
				849E2CAF18321F3200477E11 /* GoldBorderButton.m in Sources */,
				849E5AD7183B93FD001F2F17 /* AFHTTPClient.m in Sources */,
				849E5AD8183B93FD001F2F17 /* AFHTTPRequestOperation.m in Sources */,
				849E5AD9183B93FD001F2F17 /* AFImageRequestOperation.m in Sources */,
				849E5ADA183B93FD001F2F17 /* AFJSONRequestOperation.m in Sources */,
				849E5ADB183B93FD001F2F17 /* AFNetworkActivityIndicatorManager.m in Sources */,
				849E5ADC183B93FD001F2F17 /* AFPropertyListRequestOperation.m in Sources */,
				849E5ADD183B93FD001F2F17 /* AFURLConnectionOperation.m in Sources */,
				849E5ADE183B93FD001F2F17 /* AFXMLRequestOperation.m in Sources */,
				849E5ADF183B93FD001F2F17 /* UIImageView+AFNetworking.m in Sources */,
				849E5AFE183BAA8F001F2F17 /* NSObject+SBJson.m in Sources */,
				849E5AFF183BAA8F001F2F17 /* SBJsonParser.m in Sources */,
				849E5B00183BAA8F001F2F17 /* SBJsonStreamParser.m in Sources */,
				849E5B01183BAA8F001F2F17 /* SBJsonStreamParserAccumulator.m in Sources */,
				849E5B02183BAA8F001F2F17 /* SBJsonStreamParserAdapter.m in Sources */,
				849E5B03183BAA8F001F2F17 /* SBJsonStreamParserState.m in Sources */,
				849E5B04183BAA8F001F2F17 /* SBJsonStreamWriter.m in Sources */,
				849E5B05183BAA8F001F2F17 /* SBJsonStreamWriterAccumulator.m in Sources */,
				849E5B06183BAA8F001F2F17 /* SBJsonStreamWriterState.m in Sources */,
				849E5B07183BAA8F001F2F17 /* SBJsonTokeniser.m in Sources */,
				849E5B08183BAA8F001F2F17 /* SBJsonUTF8Stream.m in Sources */,
				849E5B09183BAA8F001F2F17 /* SBJsonWriter.m in Sources */,
				84BD2C7B1844DB0D00C200DA /* MBProgressHUD.m in Sources */,
				8452E9E1184E31980066C99C /* RegisterController.m in Sources */,
				8452E9E9184E34490066C99C /* FaqController.m in Sources */,
				8452E9F9184E42880066C99C /* GalleryController.m in Sources */,
				8452B1D5184F531800D9A924 /* TapToShowView.m in Sources */,
				846D04FF18686FC600B244C1 /* VideoController.m in Sources */,
			);
			runOnlyForDeploymentPostprocessing = 0;
		};
/* End PBXSourcesBuildPhase section */

/* Begin PBXVariantGroup section */
		845D7098182B9BA800A3757C /* InfoPlist.strings */ = {
			isa = PBXVariantGroup;
			children = (
				845D7099182B9BA800A3757C /* en */,
			);
			name = InfoPlist.strings;
			sourceTree = "<group>";
		};
		845D70AA182B9BA800A3757C /* SignInController~iphone.xib */ = {
			isa = PBXVariantGroup;
			children = (
				845D70AB182B9BA800A3757C /* en */,
			);
			name = "SignInController~iphone.xib";
			sourceTree = "<group>";
		};
		845D70AD182B9BA800A3757C /* SignInController~ipad.xib */ = {
			isa = PBXVariantGroup;
			children = (
				845D70AE182B9BA800A3757C /* en */,
			);
			name = "SignInController~ipad.xib";
			sourceTree = "<group>";
		};
/* End PBXVariantGroup section */

/* Begin XCBuildConfiguration section */
		845D70B0182B9BA800A3757C /* Debug */ = {
			isa = XCBuildConfiguration;
			buildSettings = {
				ALWAYS_SEARCH_USER_PATHS = NO;
				CLANG_CXX_LANGUAGE_STANDARD = "gnu++0x";
				CLANG_CXX_LIBRARY = "libc++";
				CLANG_ENABLE_OBJC_ARC = YES;
				CLANG_WARN_CONSTANT_CONVERSION = YES;
				CLANG_WARN_EMPTY_BODY = YES;
				CLANG_WARN_ENUM_CONVERSION = YES;
				CLANG_WARN_INT_CONVERSION = YES;
				CLANG_WARN__DUPLICATE_METHOD_MATCH = YES;
				"CODE_SIGN_IDENTITY[sdk=iphoneos*]" = "iPhone Developer";
				COPY_PHASE_STRIP = NO;
				GCC_C_LANGUAGE_STANDARD = gnu99;
				GCC_DYNAMIC_NO_PIC = NO;
				GCC_OPTIMIZATION_LEVEL = 0;
				GCC_PREPROCESSOR_DEFINITIONS = (
					"DEBUG=1",
					"$(inherited)",
				);
				GCC_SYMBOLS_PRIVATE_EXTERN = NO;
				GCC_WARN_ABOUT_RETURN_TYPE = YES;
				GCC_WARN_UNINITIALIZED_AUTOS = YES;
				GCC_WARN_UNUSED_VARIABLE = YES;
				IPHONEOS_DEPLOYMENT_TARGET = 6.1;
				ONLY_ACTIVE_ARCH = YES;
				SDKROOT = iphoneos;
				TARGETED_DEVICE_FAMILY = "1,2";
			};
			name = Debug;
		};
		845D70B1182B9BA800A3757C /* Release */ = {
			isa = XCBuildConfiguration;
			buildSettings = {
				ALWAYS_SEARCH_USER_PATHS = NO;
				CLANG_CXX_LANGUAGE_STANDARD = "gnu++0x";
				CLANG_CXX_LIBRARY = "libc++";
				CLANG_ENABLE_OBJC_ARC = YES;
				CLANG_WARN_CONSTANT_CONVERSION = YES;
				CLANG_WARN_EMPTY_BODY = YES;
				CLANG_WARN_ENUM_CONVERSION = YES;
				CLANG_WARN_INT_CONVERSION = YES;
				CLANG_WARN__DUPLICATE_METHOD_MATCH = YES;
				CODE_SIGN_IDENTITY = "iPhone Distribution";
				"CODE_SIGN_IDENTITY[sdk=iphoneos*]" = "iPhone Distribution";
				COPY_PHASE_STRIP = YES;
				GCC_C_LANGUAGE_STANDARD = gnu99;
				GCC_WARN_ABOUT_RETURN_TYPE = YES;
				GCC_WARN_UNINITIALIZED_AUTOS = YES;
				GCC_WARN_UNUSED_VARIABLE = YES;
				IPHONEOS_DEPLOYMENT_TARGET = 6.1;
				OTHER_CFLAGS = "-DNS_BLOCK_ASSERTIONS=1";
				PROVISIONING_PROFILE = "";
				"PROVISIONING_PROFILE[sdk=iphoneos*]" = "";
				SDKROOT = iphoneos;
				TARGETED_DEVICE_FAMILY = "1,2";
				VALIDATE_PRODUCT = YES;
			};
			name = Release;
		};
		845D70B3182B9BA800A3757C /* Debug */ = {
			isa = XCBuildConfiguration;
			buildSettings = {
				GCC_PRECOMPILE_PREFIX_HEADER = YES;
				GCC_PREFIX_HEADER = "MotorHomes/MotorHomes-Prefix.pch";
				INFOPLIST_FILE = "MotorHomes/MotorHomes-Info.plist";
				IPHONEOS_DEPLOYMENT_TARGET = 5.0;
				PRODUCT_NAME = "$(TARGET_NAME)";
				WRAPPER_EXTENSION = app;
			};
			name = Debug;
		};
		845D70B4182B9BA800A3757C /* Release */ = {
			isa = XCBuildConfiguration;
			buildSettings = {
				GCC_PRECOMPILE_PREFIX_HEADER = YES;
				GCC_PREFIX_HEADER = "MotorHomes/MotorHomes-Prefix.pch";
				INFOPLIST_FILE = "MotorHomes/MotorHomes-Info.plist";
				IPHONEOS_DEPLOYMENT_TARGET = 5.0;
				PRODUCT_NAME = "$(TARGET_NAME)";
				WRAPPER_EXTENSION = app;
			};
			name = Release;
		};
/* End XCBuildConfiguration section */

/* Begin XCConfigurationList section */
		845D7087182B9BA800A3757C /* Build configuration list for PBXProject "MotorHomes" */ = {
			isa = XCConfigurationList;
			buildConfigurations = (
				845D70B0182B9BA800A3757C /* Debug */,
				845D70B1182B9BA800A3757C /* Release */,
			);
			defaultConfigurationIsVisible = 0;
			defaultConfigurationName = Release;
		};
		845D70B2182B9BA800A3757C /* Build configuration list for PBXNativeTarget "MotorHomes" */ = {
			isa = XCConfigurationList;
			buildConfigurations = (
				845D70B3182B9BA800A3757C /* Debug */,
				845D70B4182B9BA800A3757C /* Release */,
			);
			defaultConfigurationIsVisible = 0;
			defaultConfigurationName = Release;
		};
/* End XCConfigurationList section */
	};
	rootObject = 845D7084182B9BA800A3757C /* Project object */;
}
