// !$*UTF8*$!
{
	archiveVersion = 1;
	classes = {
	};
	objectVersion = 46;
	objects = {

/* Begin PBXBuildFile section */
		845D7090182B9BA800A3757C /* UIKit.framework in Frameworks */ = {isa = PBXBuildFile; fileRef = 845D708F182B9BA800A3757C /* UIKit.framework */; };
		845D7092182B9BA800A3757C /* Foundation.framework in Frameworks */ = {isa = PBXBuildFile; fileRef = 845D7091182B9BA800A3757C /* Foundation.framework */; };
		845D7094182B9BA800A3757C /* CoreGraphics.framework in Frameworks */ = {isa = PBXBuildFile; fileRef = 845D7093182B9BA800A3757C /* CoreGraphics.framework */; };
		845D709A182B9BA800A3757C /* InfoPlist.strings in Resources */ = {isa = PBXBuildFile; fileRef = 845D7098182B9BA800A3757C /* InfoPlist.strings */; };
		845D709C182B9BA800A3757C /* main.m in Sources */ = {isa = PBXBuildFile; fileRef = 845D709B182B9BA800A3757C /* main.m */; };
		845D70A0182B9BA800A3757C /* AppDelegate.m in Sources */ = {isa = PBXBuildFile; fileRef = 845D709F182B9BA800A3757C /* AppDelegate.m */; };
		845D70A9182B9BA800A3757C /* ViewController.m in Sources */ = {isa = PBXBuildFile; fileRef = 845D70A8182B9BA800A3757C /* ViewController.m */; };
		845D70AC182B9BA800A3757C /* ViewController_iPhone.xib in Resources */ = {isa = PBXBuildFile; fileRef = 845D70AA182B9BA800A3757C /* ViewController_iPhone.xib */; };
		845D70AF182B9BA800A3757C /* ViewController_iPad.xib in Resources */ = {isa = PBXBuildFile; fileRef = 845D70AD182B9BA800A3757C /* ViewController_iPad.xib */; };
		845D70E2182BA58F00A3757C /* MFSideMenuContainerViewController.m in Sources */ = {isa = PBXBuildFile; fileRef = 845D70C7182BA58F00A3757C /* MFSideMenuContainerViewController.m */; };
		845D70E3182BA58F00A3757C /* MFSideMenuShadow.m in Sources */ = {isa = PBXBuildFile; fileRef = 845D70C9182BA58F00A3757C /* MFSideMenuShadow.m */; };
		845D70E4182BA58F00A3757C /* UIViewController+MFSideMenuAdditions.m in Sources */ = {isa = PBXBuildFile; fileRef = 845D70CB182BA58F00A3757C /* UIViewController+MFSideMenuAdditions.m */; };
		845D70E5182BA58F00A3757C /* SBJsonParser.m in Sources */ = {isa = PBXBuildFile; fileRef = 845D70CF182BA58F00A3757C /* SBJsonParser.m */; };
		845D70E6182BA58F00A3757C /* SBJsonStreamParser.m in Sources */ = {isa = PBXBuildFile; fileRef = 845D70D1182BA58F00A3757C /* SBJsonStreamParser.m */; };
		845D70E7182BA58F00A3757C /* SBJsonStreamParserAccumulator.m in Sources */ = {isa = PBXBuildFile; fileRef = 845D70D3182BA58F00A3757C /* SBJsonStreamParserAccumulator.m */; };
		845D70E8182BA58F00A3757C /* SBJsonStreamParserAdapter.m in Sources */ = {isa = PBXBuildFile; fileRef = 845D70D5182BA58F00A3757C /* SBJsonStreamParserAdapter.m */; };
		845D70E9182BA58F00A3757C /* SBJsonStreamParserState.m in Sources */ = {isa = PBXBuildFile; fileRef = 845D70D7182BA58F00A3757C /* SBJsonStreamParserState.m */; };
		845D70EA182BA58F00A3757C /* SBJsonStreamTokeniser.m in Sources */ = {isa = PBXBuildFile; fileRef = 845D70D9182BA58F00A3757C /* SBJsonStreamTokeniser.m */; };
		845D70EB182BA58F00A3757C /* SBJsonStreamWriter.m in Sources */ = {isa = PBXBuildFile; fileRef = 845D70DB182BA58F00A3757C /* SBJsonStreamWriter.m */; };
		845D70EC182BA58F00A3757C /* SBJsonStreamWriterAccumulator.m in Sources */ = {isa = PBXBuildFile; fileRef = 845D70DD182BA58F00A3757C /* SBJsonStreamWriterAccumulator.m */; };
		845D70ED182BA58F00A3757C /* SBJsonStreamWriterState.m in Sources */ = {isa = PBXBuildFile; fileRef = 845D70DF182BA58F00A3757C /* SBJsonStreamWriterState.m */; };
		845D70EE182BA58F00A3757C /* SBJsonWriter.m in Sources */ = {isa = PBXBuildFile; fileRef = 845D70E1182BA58F00A3757C /* SBJsonWriter.m */; };
		845D70F7182BA8E600A3757C /* LeftMenuController.m in Sources */ = {isa = PBXBuildFile; fileRef = 845D70F5182BA8E600A3757C /* LeftMenuController.m */; };
		845D70F8182BA8E600A3757C /* LeftMenuController.xib in Resources */ = {isa = PBXBuildFile; fileRef = 845D70F6182BA8E600A3757C /* LeftMenuController.xib */; };
		845D70FA182BA9D700A3757C /* MobileCoreServices.framework in Frameworks */ = {isa = PBXBuildFile; fileRef = 845D70F9182BA9D700A3757C /* MobileCoreServices.framework */; };
		845D70FD182BB09F00A3757C /* background.png in Resources */ = {isa = PBXBuildFile; fileRef = 845D70FC182BB09F00A3757C /* background.png */; };
		845D70FF182BB4D400A3757C /* backgroundLight.png in Resources */ = {isa = PBXBuildFile; fileRef = 845D70FE182BB4D400A3757C /* backgroundLight.png */; };
		845D7102182BB98300A3757C /* LBView.m in Sources */ = {isa = PBXBuildFile; fileRef = 845D7101182BB98300A3757C /* LBView.m */; };
		845D7104182BBC8800A3757C /* separator.png in Resources */ = {isa = PBXBuildFile; fileRef = 845D7103182BBC8800A3757C /* separator.png */; };
		845D7107182BBDDB00A3757C /* DBView.m in Sources */ = {isa = PBXBuildFile; fileRef = 845D7106182BBDDB00A3757C /* DBView.m */; };
		845D7109182BC0A200A3757C /* Default.png in Resources */ = {isa = PBXBuildFile; fileRef = 845D7108182BC0A200A3757C /* Default.png */; };
		845D710B182BC0A400A3757C /* Default@2x.png in Resources */ = {isa = PBXBuildFile; fileRef = 845D710A182BC0A400A3757C /* Default@2x.png */; };
		845D710D182BC0A700A3757C /* Default-568h@2x.png in Resources */ = {isa = PBXBuildFile; fileRef = 845D710C182BC0A700A3757C /* Default-568h@2x.png */; };
		845D710F182BC43600A3757C /* horizontalShadow.png in Resources */ = {isa = PBXBuildFile; fileRef = 845D710E182BC43600A3757C /* horizontalShadow.png */; };
		845D7111182BD63600A3757C /* yellowStar.png in Resources */ = {isa = PBXBuildFile; fileRef = 845D7110182BD63600A3757C /* yellowStar.png */; };
		845D7113182BDEA800A3757C /* busIcon.png in Resources */ = {isa = PBXBuildFile; fileRef = 845D7112182BDEA700A3757C /* busIcon.png */; };
/* End PBXBuildFile section */

/* Begin PBXFileReference section */
		845D708C182B9BA800A3757C /* MotorHomes.app */ = {isa = PBXFileReference; explicitFileType = wrapper.application; includeInIndex = 0; path = MotorHomes.app; sourceTree = BUILT_PRODUCTS_DIR; };
		845D708F182B9BA800A3757C /* UIKit.framework */ = {isa = PBXFileReference; lastKnownFileType = wrapper.framework; name = UIKit.framework; path = System/Library/Frameworks/UIKit.framework; sourceTree = SDKROOT; };
		845D7091182B9BA800A3757C /* Foundation.framework */ = {isa = PBXFileReference; lastKnownFileType = wrapper.framework; name = Foundation.framework; path = System/Library/Frameworks/Foundation.framework; sourceTree = SDKROOT; };
		845D7093182B9BA800A3757C /* CoreGraphics.framework */ = {isa = PBXFileReference; lastKnownFileType = wrapper.framework; name = CoreGraphics.framework; path = System/Library/Frameworks/CoreGraphics.framework; sourceTree = SDKROOT; };
		845D7097182B9BA800A3757C /* MotorHomes-Info.plist */ = {isa = PBXFileReference; lastKnownFileType = text.plist.xml; path = "MotorHomes-Info.plist"; sourceTree = "<group>"; };
		845D7099182B9BA800A3757C /* en */ = {isa = PBXFileReference; lastKnownFileType = text.plist.strings; name = en; path = en.lproj/InfoPlist.strings; sourceTree = "<group>"; };
		845D709B182B9BA800A3757C /* main.m */ = {isa = PBXFileReference; lastKnownFileType = sourcecode.c.objc; path = main.m; sourceTree = "<group>"; };
		845D709D182B9BA800A3757C /* MotorHomes-Prefix.pch */ = {isa = PBXFileReference; lastKnownFileType = sourcecode.c.h; path = "MotorHomes-Prefix.pch"; sourceTree = "<group>"; };
		845D709E182B9BA800A3757C /* AppDelegate.h */ = {isa = PBXFileReference; lastKnownFileType = sourcecode.c.h; path = AppDelegate.h; sourceTree = "<group>"; };
		845D709F182B9BA800A3757C /* AppDelegate.m */ = {isa = PBXFileReference; lastKnownFileType = sourcecode.c.objc; path = AppDelegate.m; sourceTree = "<group>"; };
		845D70A1182B9BA800A3757C /* Default.png */ = {isa = PBXFileReference; lastKnownFileType = image.png; path = Default.png; sourceTree = "<group>"; };
		845D70A3182B9BA800A3757C /* Default@2x.png */ = {isa = PBXFileReference; lastKnownFileType = image.png; path = "Default@2x.png"; sourceTree = "<group>"; };
		845D70A5182B9BA800A3757C /* Default-568h@2x.png */ = {isa = PBXFileReference; lastKnownFileType = image.png; path = "Default-568h@2x.png"; sourceTree = "<group>"; };
		845D70A7182B9BA800A3757C /* ViewController.h */ = {isa = PBXFileReference; lastKnownFileType = sourcecode.c.h; path = ViewController.h; sourceTree = "<group>"; };
		845D70A8182B9BA800A3757C /* ViewController.m */ = {isa = PBXFileReference; lastKnownFileType = sourcecode.c.objc; path = ViewController.m; sourceTree = "<group>"; };
		845D70AB182B9BA800A3757C /* en */ = {isa = PBXFileReference; lastKnownFileType = file.xib; name = en; path = en.lproj/ViewController_iPhone.xib; sourceTree = "<group>"; };
		845D70AE182B9BA800A3757C /* en */ = {isa = PBXFileReference; lastKnownFileType = file.xib; name = en; path = en.lproj/ViewController_iPad.xib; sourceTree = "<group>"; };
		845D70C5182BA58F00A3757C /* MFSideMenu.h */ = {isa = PBXFileReference; fileEncoding = 4; lastKnownFileType = sourcecode.c.h; path = MFSideMenu.h; sourceTree = "<group>"; };
		845D70C6182BA58F00A3757C /* MFSideMenuContainerViewController.h */ = {isa = PBXFileReference; fileEncoding = 4; lastKnownFileType = sourcecode.c.h; path = MFSideMenuContainerViewController.h; sourceTree = "<group>"; };
		845D70C7182BA58F00A3757C /* MFSideMenuContainerViewController.m */ = {isa = PBXFileReference; fileEncoding = 4; lastKnownFileType = sourcecode.c.objc; path = MFSideMenuContainerViewController.m; sourceTree = "<group>"; };
		845D70C8182BA58F00A3757C /* MFSideMenuShadow.h */ = {isa = PBXFileReference; fileEncoding = 4; lastKnownFileType = sourcecode.c.h; path = MFSideMenuShadow.h; sourceTree = "<group>"; };
		845D70C9182BA58F00A3757C /* MFSideMenuShadow.m */ = {isa = PBXFileReference; fileEncoding = 4; lastKnownFileType = sourcecode.c.objc; path = MFSideMenuShadow.m; sourceTree = "<group>"; };
		845D70CA182BA58F00A3757C /* UIViewController+MFSideMenuAdditions.h */ = {isa = PBXFileReference; fileEncoding = 4; lastKnownFileType = sourcecode.c.h; path = "UIViewController+MFSideMenuAdditions.h"; sourceTree = "<group>"; };
		845D70CB182BA58F00A3757C /* UIViewController+MFSideMenuAdditions.m */ = {isa = PBXFileReference; fileEncoding = 4; lastKnownFileType = sourcecode.c.objc; path = "UIViewController+MFSideMenuAdditions.m"; sourceTree = "<group>"; };
		845D70CD182BA58F00A3757C /* SBJson.h */ = {isa = PBXFileReference; fileEncoding = 4; lastKnownFileType = sourcecode.c.h; path = SBJson.h; sourceTree = "<group>"; };
		845D70CE182BA58F00A3757C /* SBJsonParser.h */ = {isa = PBXFileReference; fileEncoding = 4; lastKnownFileType = sourcecode.c.h; path = SBJsonParser.h; sourceTree = "<group>"; };
		845D70CF182BA58F00A3757C /* SBJsonParser.m */ = {isa = PBXFileReference; fileEncoding = 4; lastKnownFileType = sourcecode.c.objc; path = SBJsonParser.m; sourceTree = "<group>"; };
		845D70D0182BA58F00A3757C /* SBJsonStreamParser.h */ = {isa = PBXFileReference; fileEncoding = 4; lastKnownFileType = sourcecode.c.h; path = SBJsonStreamParser.h; sourceTree = "<group>"; };
		845D70D1182BA58F00A3757C /* SBJsonStreamParser.m */ = {isa = PBXFileReference; fileEncoding = 4; lastKnownFileType = sourcecode.c.objc; path = SBJsonStreamParser.m; sourceTree = "<group>"; };
		845D70D2182BA58F00A3757C /* SBJsonStreamParserAccumulator.h */ = {isa = PBXFileReference; fileEncoding = 4; lastKnownFileType = sourcecode.c.h; path = SBJsonStreamParserAccumulator.h; sourceTree = "<group>"; };
		845D70D3182BA58F00A3757C /* SBJsonStreamParserAccumulator.m */ = {isa = PBXFileReference; fileEncoding = 4; lastKnownFileType = sourcecode.c.objc; path = SBJsonStreamParserAccumulator.m; sourceTree = "<group>"; };
		845D70D4182BA58F00A3757C /* SBJsonStreamParserAdapter.h */ = {isa = PBXFileReference; fileEncoding = 4; lastKnownFileType = sourcecode.c.h; path = SBJsonStreamParserAdapter.h; sourceTree = "<group>"; };
		845D70D5182BA58F00A3757C /* SBJsonStreamParserAdapter.m */ = {isa = PBXFileReference; fileEncoding = 4; lastKnownFileType = sourcecode.c.objc; path = SBJsonStreamParserAdapter.m; sourceTree = "<group>"; };
		845D70D6182BA58F00A3757C /* SBJsonStreamParserState.h */ = {isa = PBXFileReference; fileEncoding = 4; lastKnownFileType = sourcecode.c.h; path = SBJsonStreamParserState.h; sourceTree = "<group>"; };
		845D70D7182BA58F00A3757C /* SBJsonStreamParserState.m */ = {isa = PBXFileReference; fileEncoding = 4; lastKnownFileType = sourcecode.c.objc; path = SBJsonStreamParserState.m; sourceTree = "<group>"; };
		845D70D8182BA58F00A3757C /* SBJsonStreamTokeniser.h */ = {isa = PBXFileReference; fileEncoding = 4; lastKnownFileType = sourcecode.c.h; path = SBJsonStreamTokeniser.h; sourceTree = "<group>"; };
		845D70D9182BA58F00A3757C /* SBJsonStreamTokeniser.m */ = {isa = PBXFileReference; fileEncoding = 4; lastKnownFileType = sourcecode.c.objc; path = SBJsonStreamTokeniser.m; sourceTree = "<group>"; };
		845D70DA182BA58F00A3757C /* SBJsonStreamWriter.h */ = {isa = PBXFileReference; fileEncoding = 4; lastKnownFileType = sourcecode.c.h; path = SBJsonStreamWriter.h; sourceTree = "<group>"; };
		845D70DB182BA58F00A3757C /* SBJsonStreamWriter.m */ = {isa = PBXFileReference; fileEncoding = 4; lastKnownFileType = sourcecode.c.objc; path = SBJsonStreamWriter.m; sourceTree = "<group>"; };
		845D70DC182BA58F00A3757C /* SBJsonStreamWriterAccumulator.h */ = {isa = PBXFileReference; fileEncoding = 4; lastKnownFileType = sourcecode.c.h; path = SBJsonStreamWriterAccumulator.h; sourceTree = "<group>"; };
		845D70DD182BA58F00A3757C /* SBJsonStreamWriterAccumulator.m */ = {isa = PBXFileReference; fileEncoding = 4; lastKnownFileType = sourcecode.c.objc; path = SBJsonStreamWriterAccumulator.m; sourceTree = "<group>"; };
		845D70DE182BA58F00A3757C /* SBJsonStreamWriterState.h */ = {isa = PBXFileReference; fileEncoding = 4; lastKnownFileType = sourcecode.c.h; path = SBJsonStreamWriterState.h; sourceTree = "<group>"; };
		845D70DF182BA58F00A3757C /* SBJsonStreamWriterState.m */ = {isa = PBXFileReference; fileEncoding = 4; lastKnownFileType = sourcecode.c.objc; path = SBJsonStreamWriterState.m; sourceTree = "<group>"; };
		845D70E0182BA58F00A3757C /* SBJsonWriter.h */ = {isa = PBXFileReference; fileEncoding = 4; lastKnownFileType = sourcecode.c.h; path = SBJsonWriter.h; sourceTree = "<group>"; };
		845D70E1182BA58F00A3757C /* SBJsonWriter.m */ = {isa = PBXFileReference; fileEncoding = 4; lastKnownFileType = sourcecode.c.objc; path = SBJsonWriter.m; sourceTree = "<group>"; };
		845D70F4182BA8E600A3757C /* LeftMenuController.h */ = {isa = PBXFileReference; fileEncoding = 4; lastKnownFileType = sourcecode.c.h; path = LeftMenuController.h; sourceTree = "<group>"; };
		845D70F5182BA8E600A3757C /* LeftMenuController.m */ = {isa = PBXFileReference; fileEncoding = 4; lastKnownFileType = sourcecode.c.objc; path = LeftMenuController.m; sourceTree = "<group>"; };
		845D70F6182BA8E600A3757C /* LeftMenuController.xib */ = {isa = PBXFileReference; fileEncoding = 4; lastKnownFileType = file.xib; path = LeftMenuController.xib; sourceTree = "<group>"; };
		845D70F9182BA9D700A3757C /* MobileCoreServices.framework */ = {isa = PBXFileReference; lastKnownFileType = wrapper.framework; name = MobileCoreServices.framework; path = System/Library/Frameworks/MobileCoreServices.framework; sourceTree = SDKROOT; };
		845D70FC182BB09F00A3757C /* background.png */ = {isa = PBXFileReference; lastKnownFileType = image.png; path = background.png; sourceTree = "<group>"; };
		845D70FE182BB4D400A3757C /* backgroundLight.png */ = {isa = PBXFileReference; lastKnownFileType = image.png; path = backgroundLight.png; sourceTree = "<group>"; };
		845D7100182BB98300A3757C /* LBView.h */ = {isa = PBXFileReference; fileEncoding = 4; lastKnownFileType = sourcecode.c.h; path = LBView.h; sourceTree = "<group>"; };
		845D7101182BB98300A3757C /* LBView.m */ = {isa = PBXFileReference; fileEncoding = 4; lastKnownFileType = sourcecode.c.objc; path = LBView.m; sourceTree = "<group>"; };
		845D7103182BBC8800A3757C /* separator.png */ = {isa = PBXFileReference; lastKnownFileType = image.png; path = separator.png; sourceTree = "<group>"; };
		845D7105182BBDDB00A3757C /* DBView.h */ = {isa = PBXFileReference; fileEncoding = 4; lastKnownFileType = sourcecode.c.h; path = DBView.h; sourceTree = "<group>"; };
		845D7106182BBDDB00A3757C /* DBView.m */ = {isa = PBXFileReference; fileEncoding = 4; lastKnownFileType = sourcecode.c.objc; path = DBView.m; sourceTree = "<group>"; };
		845D7108182BC0A200A3757C /* Default.png */ = {isa = PBXFileReference; lastKnownFileType = image.png; name = Default.png; path = ../Default.png; sourceTree = "<group>"; };
		845D710A182BC0A400A3757C /* Default@2x.png */ = {isa = PBXFileReference; lastKnownFileType = image.png; name = "Default@2x.png"; path = "../Default@2x.png"; sourceTree = "<group>"; };
		845D710C182BC0A700A3757C /* Default-568h@2x.png */ = {isa = PBXFileReference; lastKnownFileType = image.png; name = "Default-568h@2x.png"; path = "../Default-568h@2x.png"; sourceTree = "<group>"; };
		845D710E182BC43600A3757C /* horizontalShadow.png */ = {isa = PBXFileReference; lastKnownFileType = image.png; path = horizontalShadow.png; sourceTree = "<group>"; };
		845D7110182BD63600A3757C /* yellowStar.png */ = {isa = PBXFileReference; lastKnownFileType = image.png; path = yellowStar.png; sourceTree = "<group>"; };
		845D7112182BDEA700A3757C /* busIcon.png */ = {isa = PBXFileReference; lastKnownFileType = image.png; path = busIcon.png; sourceTree = "<group>"; };
/* End PBXFileReference section */

/* Begin PBXFrameworksBuildPhase section */
		845D7089182B9BA800A3757C /* Frameworks */ = {
			isa = PBXFrameworksBuildPhase;
			buildActionMask = 2147483647;
			files = (
				845D70FA182BA9D700A3757C /* MobileCoreServices.framework in Frameworks */,
				845D7090182B9BA800A3757C /* UIKit.framework in Frameworks */,
				845D7092182B9BA800A3757C /* Foundation.framework in Frameworks */,
				845D7094182B9BA800A3757C /* CoreGraphics.framework in Frameworks */,
			);
			runOnlyForDeploymentPostprocessing = 0;
		};
/* End PBXFrameworksBuildPhase section */

/* Begin PBXGroup section */
		845D7083182B9BA800A3757C = {
			isa = PBXGroup;
			children = (
				845D7095182B9BA800A3757C /* MotorHomes */,
				845D708E182B9BA800A3757C /* Frameworks */,
				845D708D182B9BA800A3757C /* Products */,
			);
			sourceTree = "<group>";
		};
		845D708D182B9BA800A3757C /* Products */ = {
			isa = PBXGroup;
			children = (
				845D708C182B9BA800A3757C /* MotorHomes.app */,
			);
			name = Products;
			sourceTree = "<group>";
		};
		845D708E182B9BA800A3757C /* Frameworks */ = {
			isa = PBXGroup;
			children = (
				845D70C4182BA58F00A3757C /* MFSideMenu */,
				845D70CC182BA58F00A3757C /* SBJSON */,
				845D70F9182BA9D700A3757C /* MobileCoreServices.framework */,
				845D708F182B9BA800A3757C /* UIKit.framework */,
				845D7091182B9BA800A3757C /* Foundation.framework */,
				845D7093182B9BA800A3757C /* CoreGraphics.framework */,
			);
			name = Frameworks;
			sourceTree = "<group>";
		};
		845D7095182B9BA800A3757C /* MotorHomes */ = {
			isa = PBXGroup;
			children = (
				845D709E182B9BA800A3757C /* AppDelegate.h */,
				845D709F182B9BA800A3757C /* AppDelegate.m */,
				845D70A7182B9BA800A3757C /* ViewController.h */,
				845D70A8182B9BA800A3757C /* ViewController.m */,
				845D70AA182B9BA800A3757C /* ViewController_iPhone.xib */,
				845D70AD182B9BA800A3757C /* ViewController_iPad.xib */,
				845D70F4182BA8E600A3757C /* LeftMenuController.h */,
				845D70F5182BA8E600A3757C /* LeftMenuController.m */,
				845D70F6182BA8E600A3757C /* LeftMenuController.xib */,
				845D7100182BB98300A3757C /* LBView.h */,
				845D7101182BB98300A3757C /* LBView.m */,
				845D7105182BBDDB00A3757C /* DBView.h */,
				845D7106182BBDDB00A3757C /* DBView.m */,
				845D70FB182BB09F00A3757C /* Images */,
				845D7096182B9BA800A3757C /* Supporting Files */,
			);
			path = MotorHomes;
			sourceTree = "<group>";
		};
		845D7096182B9BA800A3757C /* Supporting Files */ = {
			isa = PBXGroup;
			children = (
				845D7097182B9BA800A3757C /* MotorHomes-Info.plist */,
				845D7098182B9BA800A3757C /* InfoPlist.strings */,
				845D709B182B9BA800A3757C /* main.m */,
				845D709D182B9BA800A3757C /* MotorHomes-Prefix.pch */,
				845D70A1182B9BA800A3757C /* Default.png */,
				845D70A3182B9BA800A3757C /* Default@2x.png */,
				845D70A5182B9BA800A3757C /* Default-568h@2x.png */,
			);
			name = "Supporting Files";
			sourceTree = "<group>";
		};
		845D70C4182BA58F00A3757C /* MFSideMenu */ = {
			isa = PBXGroup;
			children = (
				845D70C5182BA58F00A3757C /* MFSideMenu.h */,
				845D70C6182BA58F00A3757C /* MFSideMenuContainerViewController.h */,
				845D70C7182BA58F00A3757C /* MFSideMenuContainerViewController.m */,
				845D70C8182BA58F00A3757C /* MFSideMenuShadow.h */,
				845D70C9182BA58F00A3757C /* MFSideMenuShadow.m */,
				845D70CA182BA58F00A3757C /* UIViewController+MFSideMenuAdditions.h */,
				845D70CB182BA58F00A3757C /* UIViewController+MFSideMenuAdditions.m */,
			);
			path = MFSideMenu;
			sourceTree = "<group>";
		};
		845D70CC182BA58F00A3757C /* SBJSON */ = {
			isa = PBXGroup;
			children = (
				845D70CD182BA58F00A3757C /* SBJson.h */,
				845D70CE182BA58F00A3757C /* SBJsonParser.h */,
				845D70CF182BA58F00A3757C /* SBJsonParser.m */,
				845D70D0182BA58F00A3757C /* SBJsonStreamParser.h */,
				845D70D1182BA58F00A3757C /* SBJsonStreamParser.m */,
				845D70D2182BA58F00A3757C /* SBJsonStreamParserAccumulator.h */,
				845D70D3182BA58F00A3757C /* SBJsonStreamParserAccumulator.m */,
				845D70D4182BA58F00A3757C /* SBJsonStreamParserAdapter.h */,
				845D70D5182BA58F00A3757C /* SBJsonStreamParserAdapter.m */,
				845D70D6182BA58F00A3757C /* SBJsonStreamParserState.h */,
				845D70D7182BA58F00A3757C /* SBJsonStreamParserState.m */,
				845D70D8182BA58F00A3757C /* SBJsonStreamTokeniser.h */,
				845D70D9182BA58F00A3757C /* SBJsonStreamTokeniser.m */,
				845D70DA182BA58F00A3757C /* SBJsonStreamWriter.h */,
				845D70DB182BA58F00A3757C /* SBJsonStreamWriter.m */,
				845D70DC182BA58F00A3757C /* SBJsonStreamWriterAccumulator.h */,
				845D70DD182BA58F00A3757C /* SBJsonStreamWriterAccumulator.m */,
				845D70DE182BA58F00A3757C /* SBJsonStreamWriterState.h */,
				845D70DF182BA58F00A3757C /* SBJsonStreamWriterState.m */,
				845D70E0182BA58F00A3757C /* SBJsonWriter.h */,
				845D70E1182BA58F00A3757C /* SBJsonWriter.m */,
			);
			path = SBJSON;
			sourceTree = "<group>";
		};
		845D70FB182BB09F00A3757C /* Images */ = {
			isa = PBXGroup;
			children = (
				845D710C182BC0A700A3757C /* Default-568h@2x.png */,
				845D710A182BC0A400A3757C /* Default@2x.png */,
				845D7108182BC0A200A3757C /* Default.png */,
				845D7103182BBC8800A3757C /* separator.png */,
				845D710E182BC43600A3757C /* horizontalShadow.png */,
				845D70FC182BB09F00A3757C /* background.png */,
				845D70FE182BB4D400A3757C /* backgroundLight.png */,
				845D7110182BD63600A3757C /* yellowStar.png */,
				845D7112182BDEA700A3757C /* busIcon.png */,
			);
			path = Images;
			sourceTree = SOURCE_ROOT;
		};
/* End PBXGroup section */

/* Begin PBXNativeTarget section */
		845D708B182B9BA800A3757C /* MotorHomes */ = {
			isa = PBXNativeTarget;
			buildConfigurationList = 845D70B2182B9BA800A3757C /* Build configuration list for PBXNativeTarget "MotorHomes" */;
			buildPhases = (
				845D7088182B9BA800A3757C /* Sources */,
				845D7089182B9BA800A3757C /* Frameworks */,
				845D708A182B9BA800A3757C /* Resources */,
			);
			buildRules = (
			);
			dependencies = (
			);
			name = MotorHomes;
			productName = MotorHomes;
			productReference = 845D708C182B9BA800A3757C /* MotorHomes.app */;
			productType = "com.apple.product-type.application";
		};
/* End PBXNativeTarget section */

/* Begin PBXProject section */
		845D7084182B9BA800A3757C /* Project object */ = {
			isa = PBXProject;
			attributes = {
				LastUpgradeCheck = 0460;
				ORGANIZATIONNAME = StexGroup;
			};
			buildConfigurationList = 845D7087182B9BA800A3757C /* Build configuration list for PBXProject "MotorHomes" */;
			compatibilityVersion = "Xcode 3.2";
			developmentRegion = English;
			hasScannedForEncodings = 0;
			knownRegions = (
				en,
			);
			mainGroup = 845D7083182B9BA800A3757C;
			productRefGroup = 845D708D182B9BA800A3757C /* Products */;
			projectDirPath = "";
			projectRoot = "";
			targets = (
				845D708B182B9BA800A3757C /* MotorHomes */,
			);
		};
/* End PBXProject section */

/* Begin PBXResourcesBuildPhase section */
		845D708A182B9BA800A3757C /* Resources */ = {
			isa = PBXResourcesBuildPhase;
			buildActionMask = 2147483647;
			files = (
				845D709A182B9BA800A3757C /* InfoPlist.strings in Resources */,
				845D70AC182B9BA800A3757C /* ViewController_iPhone.xib in Resources */,
				845D70AF182B9BA800A3757C /* ViewController_iPad.xib in Resources */,
				845D70F8182BA8E600A3757C /* LeftMenuController.xib in Resources */,
				845D70FD182BB09F00A3757C /* background.png in Resources */,
				845D70FF182BB4D400A3757C /* backgroundLight.png in Resources */,
				845D7104182BBC8800A3757C /* separator.png in Resources */,
				845D7109182BC0A200A3757C /* Default.png in Resources */,
				845D710B182BC0A400A3757C /* Default@2x.png in Resources */,
				845D710D182BC0A700A3757C /* Default-568h@2x.png in Resources */,
				845D710F182BC43600A3757C /* horizontalShadow.png in Resources */,
				845D7111182BD63600A3757C /* yellowStar.png in Resources */,
				845D7113182BDEA800A3757C /* busIcon.png in Resources */,
			);
			runOnlyForDeploymentPostprocessing = 0;
		};
/* End PBXResourcesBuildPhase section */

/* Begin PBXSourcesBuildPhase section */
		845D7088182B9BA800A3757C /* Sources */ = {
			isa = PBXSourcesBuildPhase;
			buildActionMask = 2147483647;
			files = (
				845D709C182B9BA800A3757C /* main.m in Sources */,
				845D70A0182B9BA800A3757C /* AppDelegate.m in Sources */,
				845D70A9182B9BA800A3757C /* ViewController.m in Sources */,
				845D70E2182BA58F00A3757C /* MFSideMenuContainerViewController.m in Sources */,
				845D70E3182BA58F00A3757C /* MFSideMenuShadow.m in Sources */,
				845D70E4182BA58F00A3757C /* UIViewController+MFSideMenuAdditions.m in Sources */,
				845D70E5182BA58F00A3757C /* SBJsonParser.m in Sources */,
				845D70E6182BA58F00A3757C /* SBJsonStreamParser.m in Sources */,
				845D70E7182BA58F00A3757C /* SBJsonStreamParserAccumulator.m in Sources */,
				845D70E8182BA58F00A3757C /* SBJsonStreamParserAdapter.m in Sources */,
				845D70E9182BA58F00A3757C /* SBJsonStreamParserState.m in Sources */,
				845D70EA182BA58F00A3757C /* SBJsonStreamTokeniser.m in Sources */,
				845D70EB182BA58F00A3757C /* SBJsonStreamWriter.m in Sources */,
				845D70EC182BA58F00A3757C /* SBJsonStreamWriterAccumulator.m in Sources */,
				845D70ED182BA58F00A3757C /* SBJsonStreamWriterState.m in Sources */,
				845D70EE182BA58F00A3757C /* SBJsonWriter.m in Sources */,
				845D70F7182BA8E600A3757C /* LeftMenuController.m in Sources */,
				845D7102182BB98300A3757C /* LBView.m in Sources */,
				845D7107182BBDDB00A3757C /* DBView.m in Sources */,
			);
			runOnlyForDeploymentPostprocessing = 0;
		};
/* End PBXSourcesBuildPhase section */

/* Begin PBXVariantGroup section */
		845D7098182B9BA800A3757C /* InfoPlist.strings */ = {
			isa = PBXVariantGroup;
			children = (
				845D7099182B9BA800A3757C /* en */,
			);
			name = InfoPlist.strings;
			sourceTree = "<group>";
		};
		845D70AA182B9BA800A3757C /* ViewController_iPhone.xib */ = {
			isa = PBXVariantGroup;
			children = (
				845D70AB182B9BA800A3757C /* en */,
			);
			name = ViewController_iPhone.xib;
			sourceTree = "<group>";
		};
		845D70AD182B9BA800A3757C /* ViewController_iPad.xib */ = {
			isa = PBXVariantGroup;
			children = (
				845D70AE182B9BA800A3757C /* en */,
			);
			name = ViewController_iPad.xib;
			sourceTree = "<group>";
		};
/* End PBXVariantGroup section */

/* Begin XCBuildConfiguration section */
		845D70B0182B9BA800A3757C /* Debug */ = {
			isa = XCBuildConfiguration;
			buildSettings = {
				ALWAYS_SEARCH_USER_PATHS = NO;
				CLANG_CXX_LANGUAGE_STANDARD = "gnu++0x";
				CLANG_CXX_LIBRARY = "libc++";
				CLANG_ENABLE_OBJC_ARC = YES;
				CLANG_WARN_CONSTANT_CONVERSION = YES;
				CLANG_WARN_EMPTY_BODY = YES;
				CLANG_WARN_ENUM_CONVERSION = YES;
				CLANG_WARN_INT_CONVERSION = YES;
				CLANG_WARN__DUPLICATE_METHOD_MATCH = YES;
				"CODE_SIGN_IDENTITY[sdk=iphoneos*]" = "iPhone Developer";
				COPY_PHASE_STRIP = NO;
				GCC_C_LANGUAGE_STANDARD = gnu99;
				GCC_DYNAMIC_NO_PIC = NO;
				GCC_OPTIMIZATION_LEVEL = 0;
				GCC_PREPROCESSOR_DEFINITIONS = (
					"DEBUG=1",
					"$(inherited)",
				);
				GCC_SYMBOLS_PRIVATE_EXTERN = NO;
				GCC_WARN_ABOUT_RETURN_TYPE = YES;
				GCC_WARN_UNINITIALIZED_AUTOS = YES;
				GCC_WARN_UNUSED_VARIABLE = YES;
				IPHONEOS_DEPLOYMENT_TARGET = 6.1;
				ONLY_ACTIVE_ARCH = YES;
				SDKROOT = iphoneos;
				TARGETED_DEVICE_FAMILY = "1,2";
			};
			name = Debug;
		};
		845D70B1182B9BA800A3757C /* Release */ = {
			isa = XCBuildConfiguration;
			buildSettings = {
				ALWAYS_SEARCH_USER_PATHS = NO;
				CLANG_CXX_LANGUAGE_STANDARD = "gnu++0x";
				CLANG_CXX_LIBRARY = "libc++";
				CLANG_ENABLE_OBJC_ARC = YES;
				CLANG_WARN_CONSTANT_CONVERSION = YES;
				CLANG_WARN_EMPTY_BODY = YES;
				CLANG_WARN_ENUM_CONVERSION = YES;
				CLANG_WARN_INT_CONVERSION = YES;
				CLANG_WARN__DUPLICATE_METHOD_MATCH = YES;
				"CODE_SIGN_IDENTITY[sdk=iphoneos*]" = "iPhone Developer";
				COPY_PHASE_STRIP = YES;
				GCC_C_LANGUAGE_STANDARD = gnu99;
				GCC_WARN_ABOUT_RETURN_TYPE = YES;
				GCC_WARN_UNINITIALIZED_AUTOS = YES;
				GCC_WARN_UNUSED_VARIABLE = YES;
				IPHONEOS_DEPLOYMENT_TARGET = 6.1;
				OTHER_CFLAGS = "-DNS_BLOCK_ASSERTIONS=1";
				SDKROOT = iphoneos;
				TARGETED_DEVICE_FAMILY = "1,2";
				VALIDATE_PRODUCT = YES;
			};
			name = Release;
		};
		845D70B3182B9BA800A3757C /* Debug */ = {
			isa = XCBuildConfiguration;
			buildSettings = {
				GCC_PRECOMPILE_PREFIX_HEADER = YES;
				GCC_PREFIX_HEADER = "MotorHomes/MotorHomes-Prefix.pch";
				INFOPLIST_FILE = "MotorHomes/MotorHomes-Info.plist";
				IPHONEOS_DEPLOYMENT_TARGET = 5.0;
				PRODUCT_NAME = "$(TARGET_NAME)";
				WRAPPER_EXTENSION = app;
			};
			name = Debug;
		};
		845D70B4182B9BA800A3757C /* Release */ = {
			isa = XCBuildConfiguration;
			buildSettings = {
				GCC_PRECOMPILE_PREFIX_HEADER = YES;
				GCC_PREFIX_HEADER = "MotorHomes/MotorHomes-Prefix.pch";
				INFOPLIST_FILE = "MotorHomes/MotorHomes-Info.plist";
				IPHONEOS_DEPLOYMENT_TARGET = 5.0;
				PRODUCT_NAME = "$(TARGET_NAME)";
				WRAPPER_EXTENSION = app;
			};
			name = Release;
		};
/* End XCBuildConfiguration section */

/* Begin XCConfigurationList section */
		845D7087182B9BA800A3757C /* Build configuration list for PBXProject "MotorHomes" */ = {
			isa = XCConfigurationList;
			buildConfigurations = (
				845D70B0182B9BA800A3757C /* Debug */,
				845D70B1182B9BA800A3757C /* Release */,
			);
			defaultConfigurationIsVisible = 0;
			defaultConfigurationName = Release;
		};
		845D70B2182B9BA800A3757C /* Build configuration list for PBXNativeTarget "MotorHomes" */ = {
			isa = XCConfigurationList;
			buildConfigurations = (
				845D70B3182B9BA800A3757C /* Debug */,
				845D70B4182B9BA800A3757C /* Release */,
			);
			defaultConfigurationIsVisible = 0;
		};
/* End XCConfigurationList section */
	};
	rootObject = 845D7084182B9BA800A3757C /* Project object */;
}
